// !$*UTF8*$!
{
	archiveVersion = 1;
	classes = {
	};
	objectVersion = 77;
	objects = {

/* Begin PBXBuildFile section */
		772D9F2E2D817943003DA1A4 /* Resources in Resources */ = {isa = PBXBuildFile; fileRef = 772D9F2D2D817942003DA1A4 /* Resources */; };
/* End PBXBuildFile section */

/* Begin PBXContainerItemProxy section */
		7762F4A22D7A83BC0033AE42 /* PBXContainerItemProxy */ = {
			isa = PBXContainerItemProxy;
			containerPortal = 7762F4882D7A83BA0033AE42 /* Project object */;
			proxyType = 1;
			remoteGlobalIDString = 7762F48F2D7A83BA0033AE42;
			remoteInfo = Tapp;
		};
		7762F4AC2D7A83BC0033AE42 /* PBXContainerItemProxy */ = {
			isa = PBXContainerItemProxy;
			containerPortal = 7762F4882D7A83BA0033AE42 /* Project object */;
			proxyType = 1;
			remoteGlobalIDString = 7762F48F2D7A83BA0033AE42;
			remoteInfo = Tapp;
		};
/* End PBXContainerItemProxy section */

/* Begin PBXFileReference section */
		7709B6642D98A08C00E5E6E9 /* thock-cli */ = {isa = PBXFileReference; lastKnownFileType = text.script.sh; path = "thock-cli"; sourceTree = "<group>"; };
		7716DC492D9FEC9B00E50DDB /* release.yml */ = {isa = PBXFileReference; lastKnownFileType = text.yaml; path = release.yml; sourceTree = "<group>"; };
		772D9F2D2D817942003DA1A4 /* Resources */ = {isa = PBXFileReference; lastKnownFileType = folder; name = Resources; path = Thock/Resources; sourceTree = "<group>"; };
		7762F4902D7A83BA0033AE42 /* Thock.app */ = {isa = PBXFileReference; explicitFileType = wrapper.application; includeInIndex = 0; path = Thock.app; sourceTree = BUILT_PRODUCTS_DIR; };
		7762F4A12D7A83BC0033AE42 /* ThockTests.xctest */ = {isa = PBXFileReference; explicitFileType = wrapper.cfbundle; includeInIndex = 0; path = ThockTests.xctest; sourceTree = BUILT_PRODUCTS_DIR; };
		7762F4AB2D7A83BC0033AE42 /* ThockUITests.xctest */ = {isa = PBXFileReference; explicitFileType = wrapper.cfbundle; includeInIndex = 0; path = ThockUITests.xctest; sourceTree = BUILT_PRODUCTS_DIR; };
/* End PBXFileReference section */

/* Begin PBXFileSystemSynchronizedBuildFileExceptionSet section */
		777D591E2D7B0B7600A1B71F /* Exceptions for "Thock" folder in "Thock" target */ = {
			isa = PBXFileSystemSynchronizedBuildFileExceptionSet;
			membershipExceptions = (
				Info.plist,
				"Preview Content/Preview Assets.xcassets",
				Resources/Sounds/Alps/tplai/SKCM_Blue/1.mp3,
				Resources/Sounds/Alps/tplai/SKCM_Blue/2.mp3,
				Resources/Sounds/Alps/tplai/SKCM_Blue/3.mp3,
				Resources/Sounds/Alps/tplai/SKCM_Blue/4.mp3,
				Resources/Sounds/Alps/tplai/SKCM_Blue/5.mp3,
				Resources/Sounds/Alps/tplai/SKCM_Blue/101.mp3,
				Resources/Sounds/Alps/tplai/SKCM_Blue/102.mp3,
				Resources/Sounds/Alps/tplai/SKCM_Blue/201.mp3,
				Resources/Sounds/Alps/tplai/SKCM_Blue/251.mp3,
				Resources/Sounds/Alps/tplai/SKCM_Blue/301.mp3,
				Resources/Sounds/Alps/tplai/SKCM_Blue/351.mp3,
				Resources/Sounds/Alps/tplai/SKCM_Blue/401.mp3,
				Resources/Sounds/Alps/tplai/SKCM_Blue/451.mp3,
				Resources/Sounds/Alps/tplai/SKCM_Blue/config.json,
				Resources/Sounds/Cherry_MX/mechvibes/Black_ABS/1.mp3,
				Resources/Sounds/Cherry_MX/mechvibes/Black_ABS/2.mp3,
				Resources/Sounds/Cherry_MX/mechvibes/Black_ABS/3.mp3,
				Resources/Sounds/Cherry_MX/mechvibes/Black_ABS/4.mp3,
				Resources/Sounds/Cherry_MX/mechvibes/Black_ABS/5.mp3,
				Resources/Sounds/Cherry_MX/mechvibes/Black_ABS/6.mp3,
				Resources/Sounds/Cherry_MX/mechvibes/Black_ABS/7.mp3,
				Resources/Sounds/Cherry_MX/mechvibes/Black_ABS/8.mp3,
				Resources/Sounds/Cherry_MX/mechvibes/Black_ABS/9.mp3,
				Resources/Sounds/Cherry_MX/mechvibes/Black_ABS/10.mp3,
				Resources/Sounds/Cherry_MX/mechvibes/Black_ABS/11.mp3,
				Resources/Sounds/Cherry_MX/mechvibes/Black_ABS/12.mp3,
				Resources/Sounds/Cherry_MX/mechvibes/Black_ABS/13.mp3,
				Resources/Sounds/Cherry_MX/mechvibes/Black_ABS/14.mp3,
				Resources/Sounds/Cherry_MX/mechvibes/Black_ABS/15.mp3,
				Resources/Sounds/Cherry_MX/mechvibes/Black_ABS/16.mp3,
				Resources/Sounds/Cherry_MX/mechvibes/Black_ABS/17.mp3,
				Resources/Sounds/Cherry_MX/mechvibes/Black_ABS/18.mp3,
				Resources/Sounds/Cherry_MX/mechvibes/Black_ABS/19.mp3,
				Resources/Sounds/Cherry_MX/mechvibes/Black_ABS/20.mp3,
				Resources/Sounds/Cherry_MX/mechvibes/Black_ABS/21.mp3,
				Resources/Sounds/Cherry_MX/mechvibes/Black_ABS/22.mp3,
				Resources/Sounds/Cherry_MX/mechvibes/Black_ABS/23.mp3,
				Resources/Sounds/Cherry_MX/mechvibes/Black_ABS/24.mp3,
				Resources/Sounds/Cherry_MX/mechvibes/Black_ABS/25.mp3,
				Resources/Sounds/Cherry_MX/mechvibes/Black_ABS/26.mp3,
				Resources/Sounds/Cherry_MX/mechvibes/Black_ABS/27.mp3,
				Resources/Sounds/Cherry_MX/mechvibes/Black_ABS/28.mp3,
				Resources/Sounds/Cherry_MX/mechvibes/Black_ABS/29.mp3,
				Resources/Sounds/Cherry_MX/mechvibes/Black_ABS/30.mp3,
				Resources/Sounds/Cherry_MX/mechvibes/Black_ABS/31.mp3,
				Resources/Sounds/Cherry_MX/mechvibes/Black_ABS/32.mp3,
				Resources/Sounds/Cherry_MX/mechvibes/Black_ABS/33.mp3,
				Resources/Sounds/Cherry_MX/mechvibes/Black_ABS/34.mp3,
				Resources/Sounds/Cherry_MX/mechvibes/Black_ABS/35.mp3,
				Resources/Sounds/Cherry_MX/mechvibes/Black_ABS/36.mp3,
				Resources/Sounds/Cherry_MX/mechvibes/Black_ABS/37.mp3,
				Resources/Sounds/Cherry_MX/mechvibes/Black_ABS/38.mp3,
				Resources/Sounds/Cherry_MX/mechvibes/Black_ABS/39.mp3,
				Resources/Sounds/Cherry_MX/mechvibes/Black_ABS/40.mp3,
				Resources/Sounds/Cherry_MX/mechvibes/Black_ABS/41.mp3,
				Resources/Sounds/Cherry_MX/mechvibes/Black_ABS/42.mp3,
				Resources/Sounds/Cherry_MX/mechvibes/Black_ABS/43.mp3,
				Resources/Sounds/Cherry_MX/mechvibes/Black_ABS/44.mp3,
				Resources/Sounds/Cherry_MX/mechvibes/Black_ABS/45.mp3,
				Resources/Sounds/Cherry_MX/mechvibes/Black_ABS/46.mp3,
				Resources/Sounds/Cherry_MX/mechvibes/Black_ABS/47.mp3,
				Resources/Sounds/Cherry_MX/mechvibes/Black_ABS/48.mp3,
				Resources/Sounds/Cherry_MX/mechvibes/Black_ABS/49.mp3,
				Resources/Sounds/Cherry_MX/mechvibes/Black_ABS/50.mp3,
				Resources/Sounds/Cherry_MX/mechvibes/Black_ABS/51.mp3,
				Resources/Sounds/Cherry_MX/mechvibes/Black_ABS/52.mp3,
				Resources/Sounds/Cherry_MX/mechvibes/Black_ABS/53.mp3,
				Resources/Sounds/Cherry_MX/mechvibes/Black_ABS/54.mp3,
				Resources/Sounds/Cherry_MX/mechvibes/Black_ABS/55.mp3,
				Resources/Sounds/Cherry_MX/mechvibes/Black_ABS/56.mp3,
				Resources/Sounds/Cherry_MX/mechvibes/Black_ABS/57.mp3,
				Resources/Sounds/Cherry_MX/mechvibes/Black_ABS/58.mp3,
				Resources/Sounds/Cherry_MX/mechvibes/Black_ABS/59.mp3,
				Resources/Sounds/Cherry_MX/mechvibes/Black_ABS/60.mp3,
				Resources/Sounds/Cherry_MX/mechvibes/Black_ABS/61.mp3,
				Resources/Sounds/Cherry_MX/mechvibes/Black_ABS/62.mp3,
				Resources/Sounds/Cherry_MX/mechvibes/Black_ABS/63.mp3,
				Resources/Sounds/Cherry_MX/mechvibes/Black_ABS/64.mp3,
				Resources/Sounds/Cherry_MX/mechvibes/Black_ABS/65.mp3,
				Resources/Sounds/Cherry_MX/mechvibes/Black_ABS/66.mp3,
				Resources/Sounds/Cherry_MX/mechvibes/Black_ABS/67.mp3,
				Resources/Sounds/Cherry_MX/mechvibes/Black_ABS/68.mp3,
				Resources/Sounds/Cherry_MX/mechvibes/Black_ABS/69.mp3,
				Resources/Sounds/Cherry_MX/mechvibes/Black_ABS/78.mp3,
				Resources/Sounds/Cherry_MX/mechvibes/Black_ABS/87.mp3,
				Resources/Sounds/Cherry_MX/mechvibes/Black_ABS/88.mp3,
				Resources/Sounds/Cherry_MX/mechvibes/Black_ABS/3640.mp3,
				Resources/Sounds/Cherry_MX/mechvibes/Black_ABS/3655.mp3,
				Resources/Sounds/Cherry_MX/mechvibes/Black_ABS/3657.mp3,
				Resources/Sounds/Cherry_MX/mechvibes/Black_ABS/3663.mp3,
				Resources/Sounds/Cherry_MX/mechvibes/Black_ABS/3665.mp3,
				Resources/Sounds/Cherry_MX/mechvibes/Black_ABS/3666.mp3,
				Resources/Sounds/Cherry_MX/mechvibes/Black_ABS/3675.mp3,
				Resources/Sounds/Cherry_MX/mechvibes/Black_ABS/3676.mp3,
				Resources/Sounds/Cherry_MX/mechvibes/Black_ABS/57416.mp3,
				Resources/Sounds/Cherry_MX/mechvibes/Black_ABS/57419.mp3,
				Resources/Sounds/Cherry_MX/mechvibes/Black_ABS/57421.mp3,
				Resources/Sounds/Cherry_MX/mechvibes/Black_ABS/57424.mp3,
				Resources/Sounds/Cherry_MX/mechvibes/Black_ABS/config.json,
				Resources/Sounds/Cherry_MX/mechvibes/Black_PBT/1.mp3,
				Resources/Sounds/Cherry_MX/mechvibes/Black_PBT/2.mp3,
				Resources/Sounds/Cherry_MX/mechvibes/Black_PBT/3.mp3,
				Resources/Sounds/Cherry_MX/mechvibes/Black_PBT/4.mp3,
				Resources/Sounds/Cherry_MX/mechvibes/Black_PBT/5.mp3,
				Resources/Sounds/Cherry_MX/mechvibes/Black_PBT/6.mp3,
				Resources/Sounds/Cherry_MX/mechvibes/Black_PBT/7.mp3,
				Resources/Sounds/Cherry_MX/mechvibes/Black_PBT/8.mp3,
				Resources/Sounds/Cherry_MX/mechvibes/Black_PBT/9.mp3,
				Resources/Sounds/Cherry_MX/mechvibes/Black_PBT/10.mp3,
				Resources/Sounds/Cherry_MX/mechvibes/Black_PBT/11.mp3,
				Resources/Sounds/Cherry_MX/mechvibes/Black_PBT/12.mp3,
				Resources/Sounds/Cherry_MX/mechvibes/Black_PBT/13.mp3,
				Resources/Sounds/Cherry_MX/mechvibes/Black_PBT/14.mp3,
				Resources/Sounds/Cherry_MX/mechvibes/Black_PBT/15.mp3,
				Resources/Sounds/Cherry_MX/mechvibes/Black_PBT/16.mp3,
				Resources/Sounds/Cherry_MX/mechvibes/Black_PBT/17.mp3,
				Resources/Sounds/Cherry_MX/mechvibes/Black_PBT/18.mp3,
				Resources/Sounds/Cherry_MX/mechvibes/Black_PBT/19.mp3,
				Resources/Sounds/Cherry_MX/mechvibes/Black_PBT/20.mp3,
				Resources/Sounds/Cherry_MX/mechvibes/Black_PBT/21.mp3,
				Resources/Sounds/Cherry_MX/mechvibes/Black_PBT/22.mp3,
				Resources/Sounds/Cherry_MX/mechvibes/Black_PBT/23.mp3,
				Resources/Sounds/Cherry_MX/mechvibes/Black_PBT/24.mp3,
				Resources/Sounds/Cherry_MX/mechvibes/Black_PBT/25.mp3,
				Resources/Sounds/Cherry_MX/mechvibes/Black_PBT/26.mp3,
				Resources/Sounds/Cherry_MX/mechvibes/Black_PBT/27.mp3,
				Resources/Sounds/Cherry_MX/mechvibes/Black_PBT/28.mp3,
				Resources/Sounds/Cherry_MX/mechvibes/Black_PBT/29.mp3,
				Resources/Sounds/Cherry_MX/mechvibes/Black_PBT/30.mp3,
				Resources/Sounds/Cherry_MX/mechvibes/Black_PBT/31.mp3,
				Resources/Sounds/Cherry_MX/mechvibes/Black_PBT/32.mp3,
				Resources/Sounds/Cherry_MX/mechvibes/Black_PBT/33.mp3,
				Resources/Sounds/Cherry_MX/mechvibes/Black_PBT/34.mp3,
				Resources/Sounds/Cherry_MX/mechvibes/Black_PBT/35.mp3,
				Resources/Sounds/Cherry_MX/mechvibes/Black_PBT/36.mp3,
				Resources/Sounds/Cherry_MX/mechvibes/Black_PBT/37.mp3,
				Resources/Sounds/Cherry_MX/mechvibes/Black_PBT/38.mp3,
				Resources/Sounds/Cherry_MX/mechvibes/Black_PBT/39.mp3,
				Resources/Sounds/Cherry_MX/mechvibes/Black_PBT/40.mp3,
				Resources/Sounds/Cherry_MX/mechvibes/Black_PBT/41.mp3,
				Resources/Sounds/Cherry_MX/mechvibes/Black_PBT/42.mp3,
				Resources/Sounds/Cherry_MX/mechvibes/Black_PBT/43.mp3,
				Resources/Sounds/Cherry_MX/mechvibes/Black_PBT/44.mp3,
				Resources/Sounds/Cherry_MX/mechvibes/Black_PBT/45.mp3,
				Resources/Sounds/Cherry_MX/mechvibes/Black_PBT/46.mp3,
				Resources/Sounds/Cherry_MX/mechvibes/Black_PBT/47.mp3,
				Resources/Sounds/Cherry_MX/mechvibes/Black_PBT/48.mp3,
				Resources/Sounds/Cherry_MX/mechvibes/Black_PBT/49.mp3,
				Resources/Sounds/Cherry_MX/mechvibes/Black_PBT/50.mp3,
				Resources/Sounds/Cherry_MX/mechvibes/Black_PBT/51.mp3,
				Resources/Sounds/Cherry_MX/mechvibes/Black_PBT/52.mp3,
				Resources/Sounds/Cherry_MX/mechvibes/Black_PBT/53.mp3,
				Resources/Sounds/Cherry_MX/mechvibes/Black_PBT/54.mp3,
				Resources/Sounds/Cherry_MX/mechvibes/Black_PBT/55.mp3,
				Resources/Sounds/Cherry_MX/mechvibes/Black_PBT/56.mp3,
				Resources/Sounds/Cherry_MX/mechvibes/Black_PBT/57.mp3,
				Resources/Sounds/Cherry_MX/mechvibes/Black_PBT/58.mp3,
				Resources/Sounds/Cherry_MX/mechvibes/Black_PBT/59.mp3,
				Resources/Sounds/Cherry_MX/mechvibes/Black_PBT/60.mp3,
				Resources/Sounds/Cherry_MX/mechvibes/Black_PBT/61.mp3,
				Resources/Sounds/Cherry_MX/mechvibes/Black_PBT/62.mp3,
				Resources/Sounds/Cherry_MX/mechvibes/Black_PBT/63.mp3,
				Resources/Sounds/Cherry_MX/mechvibes/Black_PBT/64.mp3,
				Resources/Sounds/Cherry_MX/mechvibes/Black_PBT/65.mp3,
				Resources/Sounds/Cherry_MX/mechvibes/Black_PBT/66.mp3,
				Resources/Sounds/Cherry_MX/mechvibes/Black_PBT/67.mp3,
				Resources/Sounds/Cherry_MX/mechvibes/Black_PBT/68.mp3,
				Resources/Sounds/Cherry_MX/mechvibes/Black_PBT/69.mp3,
				Resources/Sounds/Cherry_MX/mechvibes/Black_PBT/78.mp3,
				Resources/Sounds/Cherry_MX/mechvibes/Black_PBT/87.mp3,
				Resources/Sounds/Cherry_MX/mechvibes/Black_PBT/88.mp3,
				Resources/Sounds/Cherry_MX/mechvibes/Black_PBT/3640.mp3,
				Resources/Sounds/Cherry_MX/mechvibes/Black_PBT/3655.mp3,
				Resources/Sounds/Cherry_MX/mechvibes/Black_PBT/3657.mp3,
				Resources/Sounds/Cherry_MX/mechvibes/Black_PBT/3663.mp3,
				Resources/Sounds/Cherry_MX/mechvibes/Black_PBT/3665.mp3,
				Resources/Sounds/Cherry_MX/mechvibes/Black_PBT/3666.mp3,
				Resources/Sounds/Cherry_MX/mechvibes/Black_PBT/3675.mp3,
				Resources/Sounds/Cherry_MX/mechvibes/Black_PBT/3676.mp3,
				Resources/Sounds/Cherry_MX/mechvibes/Black_PBT/57416.mp3,
				Resources/Sounds/Cherry_MX/mechvibes/Black_PBT/57419.mp3,
				Resources/Sounds/Cherry_MX/mechvibes/Black_PBT/57421.mp3,
				Resources/Sounds/Cherry_MX/mechvibes/Black_PBT/57424.mp3,
				Resources/Sounds/Cherry_MX/mechvibes/Black_PBT/config.json,
				Resources/Sounds/Cherry_MX/mechvibes/Blue_ABS/1.mp3,
				Resources/Sounds/Cherry_MX/mechvibes/Blue_ABS/2.mp3,
				Resources/Sounds/Cherry_MX/mechvibes/Blue_ABS/3.mp3,
				Resources/Sounds/Cherry_MX/mechvibes/Blue_ABS/4.mp3,
				Resources/Sounds/Cherry_MX/mechvibes/Blue_ABS/5.mp3,
				Resources/Sounds/Cherry_MX/mechvibes/Blue_ABS/6.mp3,
				Resources/Sounds/Cherry_MX/mechvibes/Blue_ABS/7.mp3,
				Resources/Sounds/Cherry_MX/mechvibes/Blue_ABS/8.mp3,
				Resources/Sounds/Cherry_MX/mechvibes/Blue_ABS/9.mp3,
				Resources/Sounds/Cherry_MX/mechvibes/Blue_ABS/10.mp3,
				Resources/Sounds/Cherry_MX/mechvibes/Blue_ABS/11.mp3,
				Resources/Sounds/Cherry_MX/mechvibes/Blue_ABS/12.mp3,
				Resources/Sounds/Cherry_MX/mechvibes/Blue_ABS/13.mp3,
				Resources/Sounds/Cherry_MX/mechvibes/Blue_ABS/14.mp3,
				Resources/Sounds/Cherry_MX/mechvibes/Blue_ABS/15.mp3,
				Resources/Sounds/Cherry_MX/mechvibes/Blue_ABS/16.mp3,
				Resources/Sounds/Cherry_MX/mechvibes/Blue_ABS/17.mp3,
				Resources/Sounds/Cherry_MX/mechvibes/Blue_ABS/18.mp3,
				Resources/Sounds/Cherry_MX/mechvibes/Blue_ABS/19.mp3,
				Resources/Sounds/Cherry_MX/mechvibes/Blue_ABS/20.mp3,
				Resources/Sounds/Cherry_MX/mechvibes/Blue_ABS/21.mp3,
				Resources/Sounds/Cherry_MX/mechvibes/Blue_ABS/22.mp3,
				Resources/Sounds/Cherry_MX/mechvibes/Blue_ABS/23.mp3,
				Resources/Sounds/Cherry_MX/mechvibes/Blue_ABS/24.mp3,
				Resources/Sounds/Cherry_MX/mechvibes/Blue_ABS/25.mp3,
				Resources/Sounds/Cherry_MX/mechvibes/Blue_ABS/26.mp3,
				Resources/Sounds/Cherry_MX/mechvibes/Blue_ABS/27.mp3,
				Resources/Sounds/Cherry_MX/mechvibes/Blue_ABS/28.mp3,
				Resources/Sounds/Cherry_MX/mechvibes/Blue_ABS/29.mp3,
				Resources/Sounds/Cherry_MX/mechvibes/Blue_ABS/30.mp3,
				Resources/Sounds/Cherry_MX/mechvibes/Blue_ABS/31.mp3,
				Resources/Sounds/Cherry_MX/mechvibes/Blue_ABS/32.mp3,
				Resources/Sounds/Cherry_MX/mechvibes/Blue_ABS/33.mp3,
				Resources/Sounds/Cherry_MX/mechvibes/Blue_ABS/34.mp3,
				Resources/Sounds/Cherry_MX/mechvibes/Blue_ABS/35.mp3,
				Resources/Sounds/Cherry_MX/mechvibes/Blue_ABS/36.mp3,
				Resources/Sounds/Cherry_MX/mechvibes/Blue_ABS/37.mp3,
				Resources/Sounds/Cherry_MX/mechvibes/Blue_ABS/38.mp3,
				Resources/Sounds/Cherry_MX/mechvibes/Blue_ABS/39.mp3,
				Resources/Sounds/Cherry_MX/mechvibes/Blue_ABS/40.mp3,
				Resources/Sounds/Cherry_MX/mechvibes/Blue_ABS/41.mp3,
				Resources/Sounds/Cherry_MX/mechvibes/Blue_ABS/42.mp3,
				Resources/Sounds/Cherry_MX/mechvibes/Blue_ABS/43.mp3,
				Resources/Sounds/Cherry_MX/mechvibes/Blue_ABS/44.mp3,
				Resources/Sounds/Cherry_MX/mechvibes/Blue_ABS/45.mp3,
				Resources/Sounds/Cherry_MX/mechvibes/Blue_ABS/46.mp3,
				Resources/Sounds/Cherry_MX/mechvibes/Blue_ABS/47.mp3,
				Resources/Sounds/Cherry_MX/mechvibes/Blue_ABS/48.mp3,
				Resources/Sounds/Cherry_MX/mechvibes/Blue_ABS/49.mp3,
				Resources/Sounds/Cherry_MX/mechvibes/Blue_ABS/50.mp3,
				Resources/Sounds/Cherry_MX/mechvibes/Blue_ABS/51.mp3,
				Resources/Sounds/Cherry_MX/mechvibes/Blue_ABS/52.mp3,
				Resources/Sounds/Cherry_MX/mechvibes/Blue_ABS/53.mp3,
				Resources/Sounds/Cherry_MX/mechvibes/Blue_ABS/54.mp3,
				Resources/Sounds/Cherry_MX/mechvibes/Blue_ABS/55.mp3,
				Resources/Sounds/Cherry_MX/mechvibes/Blue_ABS/56.mp3,
				Resources/Sounds/Cherry_MX/mechvibes/Blue_ABS/57.mp3,
				Resources/Sounds/Cherry_MX/mechvibes/Blue_ABS/58.mp3,
				Resources/Sounds/Cherry_MX/mechvibes/Blue_ABS/59.mp3,
				Resources/Sounds/Cherry_MX/mechvibes/Blue_ABS/60.mp3,
				Resources/Sounds/Cherry_MX/mechvibes/Blue_ABS/61.mp3,
				Resources/Sounds/Cherry_MX/mechvibes/Blue_ABS/62.mp3,
				Resources/Sounds/Cherry_MX/mechvibes/Blue_ABS/63.mp3,
				Resources/Sounds/Cherry_MX/mechvibes/Blue_ABS/64.mp3,
				Resources/Sounds/Cherry_MX/mechvibes/Blue_ABS/65.mp3,
				Resources/Sounds/Cherry_MX/mechvibes/Blue_ABS/66.mp3,
				Resources/Sounds/Cherry_MX/mechvibes/Blue_ABS/67.mp3,
				Resources/Sounds/Cherry_MX/mechvibes/Blue_ABS/68.mp3,
				Resources/Sounds/Cherry_MX/mechvibes/Blue_ABS/69.mp3,
				Resources/Sounds/Cherry_MX/mechvibes/Blue_ABS/78.mp3,
				Resources/Sounds/Cherry_MX/mechvibes/Blue_ABS/87.mp3,
				Resources/Sounds/Cherry_MX/mechvibes/Blue_ABS/88.mp3,
				Resources/Sounds/Cherry_MX/mechvibes/Blue_ABS/3640.mp3,
				Resources/Sounds/Cherry_MX/mechvibes/Blue_ABS/3655.mp3,
				Resources/Sounds/Cherry_MX/mechvibes/Blue_ABS/3657.mp3,
				Resources/Sounds/Cherry_MX/mechvibes/Blue_ABS/3663.mp3,
				Resources/Sounds/Cherry_MX/mechvibes/Blue_ABS/3665.mp3,
				Resources/Sounds/Cherry_MX/mechvibes/Blue_ABS/3666.mp3,
				Resources/Sounds/Cherry_MX/mechvibes/Blue_ABS/3675.mp3,
				Resources/Sounds/Cherry_MX/mechvibes/Blue_ABS/3676.mp3,
				Resources/Sounds/Cherry_MX/mechvibes/Blue_ABS/57416.mp3,
				Resources/Sounds/Cherry_MX/mechvibes/Blue_ABS/57419.mp3,
				Resources/Sounds/Cherry_MX/mechvibes/Blue_ABS/57421.mp3,
				Resources/Sounds/Cherry_MX/mechvibes/Blue_ABS/57424.mp3,
				Resources/Sounds/Cherry_MX/mechvibes/Blue_ABS/config.json,
				Resources/Sounds/Cherry_MX/mechvibes/Blue_PBT/1.mp3,
				Resources/Sounds/Cherry_MX/mechvibes/Blue_PBT/2.mp3,
				Resources/Sounds/Cherry_MX/mechvibes/Blue_PBT/3.mp3,
				Resources/Sounds/Cherry_MX/mechvibes/Blue_PBT/4.mp3,
				Resources/Sounds/Cherry_MX/mechvibes/Blue_PBT/5.mp3,
				Resources/Sounds/Cherry_MX/mechvibes/Blue_PBT/6.mp3,
				Resources/Sounds/Cherry_MX/mechvibes/Blue_PBT/7.mp3,
				Resources/Sounds/Cherry_MX/mechvibes/Blue_PBT/8.mp3,
				Resources/Sounds/Cherry_MX/mechvibes/Blue_PBT/9.mp3,
				Resources/Sounds/Cherry_MX/mechvibes/Blue_PBT/10.mp3,
				Resources/Sounds/Cherry_MX/mechvibes/Blue_PBT/11.mp3,
				Resources/Sounds/Cherry_MX/mechvibes/Blue_PBT/12.mp3,
				Resources/Sounds/Cherry_MX/mechvibes/Blue_PBT/13.mp3,
				Resources/Sounds/Cherry_MX/mechvibes/Blue_PBT/14.mp3,
				Resources/Sounds/Cherry_MX/mechvibes/Blue_PBT/15.mp3,
				Resources/Sounds/Cherry_MX/mechvibes/Blue_PBT/16.mp3,
				Resources/Sounds/Cherry_MX/mechvibes/Blue_PBT/17.mp3,
				Resources/Sounds/Cherry_MX/mechvibes/Blue_PBT/18.mp3,
				Resources/Sounds/Cherry_MX/mechvibes/Blue_PBT/19.mp3,
				Resources/Sounds/Cherry_MX/mechvibes/Blue_PBT/20.mp3,
				Resources/Sounds/Cherry_MX/mechvibes/Blue_PBT/21.mp3,
				Resources/Sounds/Cherry_MX/mechvibes/Blue_PBT/22.mp3,
				Resources/Sounds/Cherry_MX/mechvibes/Blue_PBT/23.mp3,
				Resources/Sounds/Cherry_MX/mechvibes/Blue_PBT/24.mp3,
				Resources/Sounds/Cherry_MX/mechvibes/Blue_PBT/25.mp3,
				Resources/Sounds/Cherry_MX/mechvibes/Blue_PBT/26.mp3,
				Resources/Sounds/Cherry_MX/mechvibes/Blue_PBT/27.mp3,
				Resources/Sounds/Cherry_MX/mechvibes/Blue_PBT/28.mp3,
				Resources/Sounds/Cherry_MX/mechvibes/Blue_PBT/29.mp3,
				Resources/Sounds/Cherry_MX/mechvibes/Blue_PBT/30.mp3,
				Resources/Sounds/Cherry_MX/mechvibes/Blue_PBT/31.mp3,
				Resources/Sounds/Cherry_MX/mechvibes/Blue_PBT/32.mp3,
				Resources/Sounds/Cherry_MX/mechvibes/Blue_PBT/33.mp3,
				Resources/Sounds/Cherry_MX/mechvibes/Blue_PBT/34.mp3,
				Resources/Sounds/Cherry_MX/mechvibes/Blue_PBT/35.mp3,
				Resources/Sounds/Cherry_MX/mechvibes/Blue_PBT/36.mp3,
				Resources/Sounds/Cherry_MX/mechvibes/Blue_PBT/37.mp3,
				Resources/Sounds/Cherry_MX/mechvibes/Blue_PBT/38.mp3,
				Resources/Sounds/Cherry_MX/mechvibes/Blue_PBT/39.mp3,
				Resources/Sounds/Cherry_MX/mechvibes/Blue_PBT/40.mp3,
				Resources/Sounds/Cherry_MX/mechvibes/Blue_PBT/41.mp3,
				Resources/Sounds/Cherry_MX/mechvibes/Blue_PBT/42.mp3,
				Resources/Sounds/Cherry_MX/mechvibes/Blue_PBT/43.mp3,
				Resources/Sounds/Cherry_MX/mechvibes/Blue_PBT/44.mp3,
				Resources/Sounds/Cherry_MX/mechvibes/Blue_PBT/45.mp3,
				Resources/Sounds/Cherry_MX/mechvibes/Blue_PBT/46.mp3,
				Resources/Sounds/Cherry_MX/mechvibes/Blue_PBT/47.mp3,
				Resources/Sounds/Cherry_MX/mechvibes/Blue_PBT/48.mp3,
				Resources/Sounds/Cherry_MX/mechvibes/Blue_PBT/49.mp3,
				Resources/Sounds/Cherry_MX/mechvibes/Blue_PBT/50.mp3,
				Resources/Sounds/Cherry_MX/mechvibes/Blue_PBT/51.mp3,
				Resources/Sounds/Cherry_MX/mechvibes/Blue_PBT/52.mp3,
				Resources/Sounds/Cherry_MX/mechvibes/Blue_PBT/53.mp3,
				Resources/Sounds/Cherry_MX/mechvibes/Blue_PBT/54.mp3,
				Resources/Sounds/Cherry_MX/mechvibes/Blue_PBT/55.mp3,
				Resources/Sounds/Cherry_MX/mechvibes/Blue_PBT/56.mp3,
				Resources/Sounds/Cherry_MX/mechvibes/Blue_PBT/57.mp3,
				Resources/Sounds/Cherry_MX/mechvibes/Blue_PBT/58.mp3,
				Resources/Sounds/Cherry_MX/mechvibes/Blue_PBT/59.mp3,
				Resources/Sounds/Cherry_MX/mechvibes/Blue_PBT/60.mp3,
				Resources/Sounds/Cherry_MX/mechvibes/Blue_PBT/61.mp3,
				Resources/Sounds/Cherry_MX/mechvibes/Blue_PBT/62.mp3,
				Resources/Sounds/Cherry_MX/mechvibes/Blue_PBT/63.mp3,
				Resources/Sounds/Cherry_MX/mechvibes/Blue_PBT/64.mp3,
				Resources/Sounds/Cherry_MX/mechvibes/Blue_PBT/65.mp3,
				Resources/Sounds/Cherry_MX/mechvibes/Blue_PBT/66.mp3,
				Resources/Sounds/Cherry_MX/mechvibes/Blue_PBT/67.mp3,
				Resources/Sounds/Cherry_MX/mechvibes/Blue_PBT/68.mp3,
				Resources/Sounds/Cherry_MX/mechvibes/Blue_PBT/69.mp3,
				Resources/Sounds/Cherry_MX/mechvibes/Blue_PBT/78.mp3,
				Resources/Sounds/Cherry_MX/mechvibes/Blue_PBT/87.mp3,
				Resources/Sounds/Cherry_MX/mechvibes/Blue_PBT/88.mp3,
				Resources/Sounds/Cherry_MX/mechvibes/Blue_PBT/3640.mp3,
				Resources/Sounds/Cherry_MX/mechvibes/Blue_PBT/3655.mp3,
				Resources/Sounds/Cherry_MX/mechvibes/Blue_PBT/3657.mp3,
				Resources/Sounds/Cherry_MX/mechvibes/Blue_PBT/3663.mp3,
				Resources/Sounds/Cherry_MX/mechvibes/Blue_PBT/3665.mp3,
				Resources/Sounds/Cherry_MX/mechvibes/Blue_PBT/3666.mp3,
				Resources/Sounds/Cherry_MX/mechvibes/Blue_PBT/3675.mp3,
				Resources/Sounds/Cherry_MX/mechvibes/Blue_PBT/3676.mp3,
				Resources/Sounds/Cherry_MX/mechvibes/Blue_PBT/57416.mp3,
				Resources/Sounds/Cherry_MX/mechvibes/Blue_PBT/57419.mp3,
				Resources/Sounds/Cherry_MX/mechvibes/Blue_PBT/57421.mp3,
				Resources/Sounds/Cherry_MX/mechvibes/Blue_PBT/57424.mp3,
				Resources/Sounds/Cherry_MX/mechvibes/Blue_PBT/config.json,
				Resources/Sounds/Cherry_MX/mechvibes/Brown_ABS/1.mp3,
				Resources/Sounds/Cherry_MX/mechvibes/Brown_ABS/2.mp3,
				Resources/Sounds/Cherry_MX/mechvibes/Brown_ABS/3.mp3,
				Resources/Sounds/Cherry_MX/mechvibes/Brown_ABS/4.mp3,
				Resources/Sounds/Cherry_MX/mechvibes/Brown_ABS/5.mp3,
				Resources/Sounds/Cherry_MX/mechvibes/Brown_ABS/6.mp3,
				Resources/Sounds/Cherry_MX/mechvibes/Brown_ABS/7.mp3,
				Resources/Sounds/Cherry_MX/mechvibes/Brown_ABS/8.mp3,
				Resources/Sounds/Cherry_MX/mechvibes/Brown_ABS/9.mp3,
				Resources/Sounds/Cherry_MX/mechvibes/Brown_ABS/10.mp3,
				Resources/Sounds/Cherry_MX/mechvibes/Brown_ABS/11.mp3,
				Resources/Sounds/Cherry_MX/mechvibes/Brown_ABS/12.mp3,
				Resources/Sounds/Cherry_MX/mechvibes/Brown_ABS/13.mp3,
				Resources/Sounds/Cherry_MX/mechvibes/Brown_ABS/14.mp3,
				Resources/Sounds/Cherry_MX/mechvibes/Brown_ABS/15.mp3,
				Resources/Sounds/Cherry_MX/mechvibes/Brown_ABS/16.mp3,
				Resources/Sounds/Cherry_MX/mechvibes/Brown_ABS/17.mp3,
				Resources/Sounds/Cherry_MX/mechvibes/Brown_ABS/18.mp3,
				Resources/Sounds/Cherry_MX/mechvibes/Brown_ABS/19.mp3,
				Resources/Sounds/Cherry_MX/mechvibes/Brown_ABS/20.mp3,
				Resources/Sounds/Cherry_MX/mechvibes/Brown_ABS/21.mp3,
				Resources/Sounds/Cherry_MX/mechvibes/Brown_ABS/22.mp3,
				Resources/Sounds/Cherry_MX/mechvibes/Brown_ABS/23.mp3,
				Resources/Sounds/Cherry_MX/mechvibes/Brown_ABS/24.mp3,
				Resources/Sounds/Cherry_MX/mechvibes/Brown_ABS/25.mp3,
				Resources/Sounds/Cherry_MX/mechvibes/Brown_ABS/26.mp3,
				Resources/Sounds/Cherry_MX/mechvibes/Brown_ABS/27.mp3,
				Resources/Sounds/Cherry_MX/mechvibes/Brown_ABS/28.mp3,
				Resources/Sounds/Cherry_MX/mechvibes/Brown_ABS/29.mp3,
				Resources/Sounds/Cherry_MX/mechvibes/Brown_ABS/30.mp3,
				Resources/Sounds/Cherry_MX/mechvibes/Brown_ABS/31.mp3,
				Resources/Sounds/Cherry_MX/mechvibes/Brown_ABS/32.mp3,
				Resources/Sounds/Cherry_MX/mechvibes/Brown_ABS/33.mp3,
				Resources/Sounds/Cherry_MX/mechvibes/Brown_ABS/34.mp3,
				Resources/Sounds/Cherry_MX/mechvibes/Brown_ABS/35.mp3,
				Resources/Sounds/Cherry_MX/mechvibes/Brown_ABS/36.mp3,
				Resources/Sounds/Cherry_MX/mechvibes/Brown_ABS/37.mp3,
				Resources/Sounds/Cherry_MX/mechvibes/Brown_ABS/38.mp3,
				Resources/Sounds/Cherry_MX/mechvibes/Brown_ABS/39.mp3,
				Resources/Sounds/Cherry_MX/mechvibes/Brown_ABS/40.mp3,
				Resources/Sounds/Cherry_MX/mechvibes/Brown_ABS/41.mp3,
				Resources/Sounds/Cherry_MX/mechvibes/Brown_ABS/42.mp3,
				Resources/Sounds/Cherry_MX/mechvibes/Brown_ABS/43.mp3,
				Resources/Sounds/Cherry_MX/mechvibes/Brown_ABS/44.mp3,
				Resources/Sounds/Cherry_MX/mechvibes/Brown_ABS/45.mp3,
				Resources/Sounds/Cherry_MX/mechvibes/Brown_ABS/46.mp3,
				Resources/Sounds/Cherry_MX/mechvibes/Brown_ABS/47.mp3,
				Resources/Sounds/Cherry_MX/mechvibes/Brown_ABS/48.mp3,
				Resources/Sounds/Cherry_MX/mechvibes/Brown_ABS/49.mp3,
				Resources/Sounds/Cherry_MX/mechvibes/Brown_ABS/50.mp3,
				Resources/Sounds/Cherry_MX/mechvibes/Brown_ABS/51.mp3,
				Resources/Sounds/Cherry_MX/mechvibes/Brown_ABS/52.mp3,
				Resources/Sounds/Cherry_MX/mechvibes/Brown_ABS/53.mp3,
				Resources/Sounds/Cherry_MX/mechvibes/Brown_ABS/54.mp3,
				Resources/Sounds/Cherry_MX/mechvibes/Brown_ABS/55.mp3,
				Resources/Sounds/Cherry_MX/mechvibes/Brown_ABS/56.mp3,
				Resources/Sounds/Cherry_MX/mechvibes/Brown_ABS/57.mp3,
				Resources/Sounds/Cherry_MX/mechvibes/Brown_ABS/58.mp3,
				Resources/Sounds/Cherry_MX/mechvibes/Brown_ABS/59.mp3,
				Resources/Sounds/Cherry_MX/mechvibes/Brown_ABS/60.mp3,
				Resources/Sounds/Cherry_MX/mechvibes/Brown_ABS/61.mp3,
				Resources/Sounds/Cherry_MX/mechvibes/Brown_ABS/62.mp3,
				Resources/Sounds/Cherry_MX/mechvibes/Brown_ABS/63.mp3,
				Resources/Sounds/Cherry_MX/mechvibes/Brown_ABS/64.mp3,
				Resources/Sounds/Cherry_MX/mechvibes/Brown_ABS/65.mp3,
				Resources/Sounds/Cherry_MX/mechvibes/Brown_ABS/66.mp3,
				Resources/Sounds/Cherry_MX/mechvibes/Brown_ABS/67.mp3,
				Resources/Sounds/Cherry_MX/mechvibes/Brown_ABS/68.mp3,
				Resources/Sounds/Cherry_MX/mechvibes/Brown_ABS/69.mp3,
				Resources/Sounds/Cherry_MX/mechvibes/Brown_ABS/78.mp3,
				Resources/Sounds/Cherry_MX/mechvibes/Brown_ABS/87.mp3,
				Resources/Sounds/Cherry_MX/mechvibes/Brown_ABS/88.mp3,
				Resources/Sounds/Cherry_MX/mechvibes/Brown_ABS/3640.mp3,
				Resources/Sounds/Cherry_MX/mechvibes/Brown_ABS/3655.mp3,
				Resources/Sounds/Cherry_MX/mechvibes/Brown_ABS/3657.mp3,
				Resources/Sounds/Cherry_MX/mechvibes/Brown_ABS/3663.mp3,
				Resources/Sounds/Cherry_MX/mechvibes/Brown_ABS/3665.mp3,
				Resources/Sounds/Cherry_MX/mechvibes/Brown_ABS/3666.mp3,
				Resources/Sounds/Cherry_MX/mechvibes/Brown_ABS/3675.mp3,
				Resources/Sounds/Cherry_MX/mechvibes/Brown_ABS/3676.mp3,
				Resources/Sounds/Cherry_MX/mechvibes/Brown_ABS/57416.mp3,
				Resources/Sounds/Cherry_MX/mechvibes/Brown_ABS/57419.mp3,
				Resources/Sounds/Cherry_MX/mechvibes/Brown_ABS/57421.mp3,
				Resources/Sounds/Cherry_MX/mechvibes/Brown_ABS/57424.mp3,
				Resources/Sounds/Cherry_MX/mechvibes/Brown_ABS/config.json,
				Resources/Sounds/Cherry_MX/mechvibes/Brown_PBT/1.mp3,
				Resources/Sounds/Cherry_MX/mechvibes/Brown_PBT/2.mp3,
				Resources/Sounds/Cherry_MX/mechvibes/Brown_PBT/3.mp3,
				Resources/Sounds/Cherry_MX/mechvibes/Brown_PBT/4.mp3,
				Resources/Sounds/Cherry_MX/mechvibes/Brown_PBT/5.mp3,
				Resources/Sounds/Cherry_MX/mechvibes/Brown_PBT/6.mp3,
				Resources/Sounds/Cherry_MX/mechvibes/Brown_PBT/7.mp3,
				Resources/Sounds/Cherry_MX/mechvibes/Brown_PBT/8.mp3,
				Resources/Sounds/Cherry_MX/mechvibes/Brown_PBT/9.mp3,
				Resources/Sounds/Cherry_MX/mechvibes/Brown_PBT/10.mp3,
				Resources/Sounds/Cherry_MX/mechvibes/Brown_PBT/11.mp3,
				Resources/Sounds/Cherry_MX/mechvibes/Brown_PBT/12.mp3,
				Resources/Sounds/Cherry_MX/mechvibes/Brown_PBT/13.mp3,
				Resources/Sounds/Cherry_MX/mechvibes/Brown_PBT/14.mp3,
				Resources/Sounds/Cherry_MX/mechvibes/Brown_PBT/15.mp3,
				Resources/Sounds/Cherry_MX/mechvibes/Brown_PBT/16.mp3,
				Resources/Sounds/Cherry_MX/mechvibes/Brown_PBT/17.mp3,
				Resources/Sounds/Cherry_MX/mechvibes/Brown_PBT/18.mp3,
				Resources/Sounds/Cherry_MX/mechvibes/Brown_PBT/19.mp3,
				Resources/Sounds/Cherry_MX/mechvibes/Brown_PBT/20.mp3,
				Resources/Sounds/Cherry_MX/mechvibes/Brown_PBT/21.mp3,
				Resources/Sounds/Cherry_MX/mechvibes/Brown_PBT/22.mp3,
				Resources/Sounds/Cherry_MX/mechvibes/Brown_PBT/23.mp3,
				Resources/Sounds/Cherry_MX/mechvibes/Brown_PBT/24.mp3,
				Resources/Sounds/Cherry_MX/mechvibes/Brown_PBT/25.mp3,
				Resources/Sounds/Cherry_MX/mechvibes/Brown_PBT/26.mp3,
				Resources/Sounds/Cherry_MX/mechvibes/Brown_PBT/27.mp3,
				Resources/Sounds/Cherry_MX/mechvibes/Brown_PBT/28.mp3,
				Resources/Sounds/Cherry_MX/mechvibes/Brown_PBT/29.mp3,
				Resources/Sounds/Cherry_MX/mechvibes/Brown_PBT/30.mp3,
				Resources/Sounds/Cherry_MX/mechvibes/Brown_PBT/31.mp3,
				Resources/Sounds/Cherry_MX/mechvibes/Brown_PBT/32.mp3,
				Resources/Sounds/Cherry_MX/mechvibes/Brown_PBT/33.mp3,
				Resources/Sounds/Cherry_MX/mechvibes/Brown_PBT/34.mp3,
				Resources/Sounds/Cherry_MX/mechvibes/Brown_PBT/35.mp3,
				Resources/Sounds/Cherry_MX/mechvibes/Brown_PBT/36.mp3,
				Resources/Sounds/Cherry_MX/mechvibes/Brown_PBT/37.mp3,
				Resources/Sounds/Cherry_MX/mechvibes/Brown_PBT/38.mp3,
				Resources/Sounds/Cherry_MX/mechvibes/Brown_PBT/39.mp3,
				Resources/Sounds/Cherry_MX/mechvibes/Brown_PBT/40.mp3,
				Resources/Sounds/Cherry_MX/mechvibes/Brown_PBT/41.mp3,
				Resources/Sounds/Cherry_MX/mechvibes/Brown_PBT/42.mp3,
				Resources/Sounds/Cherry_MX/mechvibes/Brown_PBT/43.mp3,
				Resources/Sounds/Cherry_MX/mechvibes/Brown_PBT/44.mp3,
				Resources/Sounds/Cherry_MX/mechvibes/Brown_PBT/45.mp3,
				Resources/Sounds/Cherry_MX/mechvibes/Brown_PBT/46.mp3,
				Resources/Sounds/Cherry_MX/mechvibes/Brown_PBT/47.mp3,
				Resources/Sounds/Cherry_MX/mechvibes/Brown_PBT/48.mp3,
				Resources/Sounds/Cherry_MX/mechvibes/Brown_PBT/49.mp3,
				Resources/Sounds/Cherry_MX/mechvibes/Brown_PBT/50.mp3,
				Resources/Sounds/Cherry_MX/mechvibes/Brown_PBT/51.mp3,
				Resources/Sounds/Cherry_MX/mechvibes/Brown_PBT/52.mp3,
				Resources/Sounds/Cherry_MX/mechvibes/Brown_PBT/53.mp3,
				Resources/Sounds/Cherry_MX/mechvibes/Brown_PBT/54.mp3,
				Resources/Sounds/Cherry_MX/mechvibes/Brown_PBT/55.mp3,
				Resources/Sounds/Cherry_MX/mechvibes/Brown_PBT/56.mp3,
				Resources/Sounds/Cherry_MX/mechvibes/Brown_PBT/57.mp3,
				Resources/Sounds/Cherry_MX/mechvibes/Brown_PBT/58.mp3,
				Resources/Sounds/Cherry_MX/mechvibes/Brown_PBT/59.mp3,
				Resources/Sounds/Cherry_MX/mechvibes/Brown_PBT/60.mp3,
				Resources/Sounds/Cherry_MX/mechvibes/Brown_PBT/61.mp3,
				Resources/Sounds/Cherry_MX/mechvibes/Brown_PBT/62.mp3,
				Resources/Sounds/Cherry_MX/mechvibes/Brown_PBT/63.mp3,
				Resources/Sounds/Cherry_MX/mechvibes/Brown_PBT/64.mp3,
				Resources/Sounds/Cherry_MX/mechvibes/Brown_PBT/65.mp3,
				Resources/Sounds/Cherry_MX/mechvibes/Brown_PBT/66.mp3,
				Resources/Sounds/Cherry_MX/mechvibes/Brown_PBT/67.mp3,
				Resources/Sounds/Cherry_MX/mechvibes/Brown_PBT/68.mp3,
				Resources/Sounds/Cherry_MX/mechvibes/Brown_PBT/69.mp3,
				Resources/Sounds/Cherry_MX/mechvibes/Brown_PBT/78.mp3,
				Resources/Sounds/Cherry_MX/mechvibes/Brown_PBT/87.mp3,
				Resources/Sounds/Cherry_MX/mechvibes/Brown_PBT/88.mp3,
				Resources/Sounds/Cherry_MX/mechvibes/Brown_PBT/3640.mp3,
				Resources/Sounds/Cherry_MX/mechvibes/Brown_PBT/3655.mp3,
				Resources/Sounds/Cherry_MX/mechvibes/Brown_PBT/3657.mp3,
				Resources/Sounds/Cherry_MX/mechvibes/Brown_PBT/3663.mp3,
				Resources/Sounds/Cherry_MX/mechvibes/Brown_PBT/3665.mp3,
				Resources/Sounds/Cherry_MX/mechvibes/Brown_PBT/3666.mp3,
				Resources/Sounds/Cherry_MX/mechvibes/Brown_PBT/3675.mp3,
				Resources/Sounds/Cherry_MX/mechvibes/Brown_PBT/3676.mp3,
				Resources/Sounds/Cherry_MX/mechvibes/Brown_PBT/57416.mp3,
				Resources/Sounds/Cherry_MX/mechvibes/Brown_PBT/57419.mp3,
				Resources/Sounds/Cherry_MX/mechvibes/Brown_PBT/57421.mp3,
				Resources/Sounds/Cherry_MX/mechvibes/Brown_PBT/57424.mp3,
				Resources/Sounds/Cherry_MX/mechvibes/Brown_PBT/config.json,
				Resources/Sounds/Cherry_MX/mechvibes/Red_ABS/1.mp3,
				Resources/Sounds/Cherry_MX/mechvibes/Red_ABS/2.mp3,
				Resources/Sounds/Cherry_MX/mechvibes/Red_ABS/3.mp3,
				Resources/Sounds/Cherry_MX/mechvibes/Red_ABS/4.mp3,
				Resources/Sounds/Cherry_MX/mechvibes/Red_ABS/5.mp3,
				Resources/Sounds/Cherry_MX/mechvibes/Red_ABS/6.mp3,
				Resources/Sounds/Cherry_MX/mechvibes/Red_ABS/7.mp3,
				Resources/Sounds/Cherry_MX/mechvibes/Red_ABS/8.mp3,
				Resources/Sounds/Cherry_MX/mechvibes/Red_ABS/9.mp3,
				Resources/Sounds/Cherry_MX/mechvibes/Red_ABS/10.mp3,
				Resources/Sounds/Cherry_MX/mechvibes/Red_ABS/11.mp3,
				Resources/Sounds/Cherry_MX/mechvibes/Red_ABS/12.mp3,
				Resources/Sounds/Cherry_MX/mechvibes/Red_ABS/13.mp3,
				Resources/Sounds/Cherry_MX/mechvibes/Red_ABS/14.mp3,
				Resources/Sounds/Cherry_MX/mechvibes/Red_ABS/15.mp3,
				Resources/Sounds/Cherry_MX/mechvibes/Red_ABS/16.mp3,
				Resources/Sounds/Cherry_MX/mechvibes/Red_ABS/17.mp3,
				Resources/Sounds/Cherry_MX/mechvibes/Red_ABS/18.mp3,
				Resources/Sounds/Cherry_MX/mechvibes/Red_ABS/19.mp3,
				Resources/Sounds/Cherry_MX/mechvibes/Red_ABS/20.mp3,
				Resources/Sounds/Cherry_MX/mechvibes/Red_ABS/21.mp3,
				Resources/Sounds/Cherry_MX/mechvibes/Red_ABS/22.mp3,
				Resources/Sounds/Cherry_MX/mechvibes/Red_ABS/23.mp3,
				Resources/Sounds/Cherry_MX/mechvibes/Red_ABS/24.mp3,
				Resources/Sounds/Cherry_MX/mechvibes/Red_ABS/25.mp3,
				Resources/Sounds/Cherry_MX/mechvibes/Red_ABS/26.mp3,
				Resources/Sounds/Cherry_MX/mechvibes/Red_ABS/27.mp3,
				Resources/Sounds/Cherry_MX/mechvibes/Red_ABS/28.mp3,
				Resources/Sounds/Cherry_MX/mechvibes/Red_ABS/29.mp3,
				Resources/Sounds/Cherry_MX/mechvibes/Red_ABS/30.mp3,
				Resources/Sounds/Cherry_MX/mechvibes/Red_ABS/31.mp3,
				Resources/Sounds/Cherry_MX/mechvibes/Red_ABS/32.mp3,
				Resources/Sounds/Cherry_MX/mechvibes/Red_ABS/33.mp3,
				Resources/Sounds/Cherry_MX/mechvibes/Red_ABS/34.mp3,
				Resources/Sounds/Cherry_MX/mechvibes/Red_ABS/35.mp3,
				Resources/Sounds/Cherry_MX/mechvibes/Red_ABS/36.mp3,
				Resources/Sounds/Cherry_MX/mechvibes/Red_ABS/37.mp3,
				Resources/Sounds/Cherry_MX/mechvibes/Red_ABS/38.mp3,
				Resources/Sounds/Cherry_MX/mechvibes/Red_ABS/39.mp3,
				Resources/Sounds/Cherry_MX/mechvibes/Red_ABS/40.mp3,
				Resources/Sounds/Cherry_MX/mechvibes/Red_ABS/41.mp3,
				Resources/Sounds/Cherry_MX/mechvibes/Red_ABS/42.mp3,
				Resources/Sounds/Cherry_MX/mechvibes/Red_ABS/43.mp3,
				Resources/Sounds/Cherry_MX/mechvibes/Red_ABS/44.mp3,
				Resources/Sounds/Cherry_MX/mechvibes/Red_ABS/45.mp3,
				Resources/Sounds/Cherry_MX/mechvibes/Red_ABS/46.mp3,
				Resources/Sounds/Cherry_MX/mechvibes/Red_ABS/47.mp3,
				Resources/Sounds/Cherry_MX/mechvibes/Red_ABS/48.mp3,
				Resources/Sounds/Cherry_MX/mechvibes/Red_ABS/49.mp3,
				Resources/Sounds/Cherry_MX/mechvibes/Red_ABS/50.mp3,
				Resources/Sounds/Cherry_MX/mechvibes/Red_ABS/51.mp3,
				Resources/Sounds/Cherry_MX/mechvibes/Red_ABS/52.mp3,
				Resources/Sounds/Cherry_MX/mechvibes/Red_ABS/53.mp3,
				Resources/Sounds/Cherry_MX/mechvibes/Red_ABS/54.mp3,
				Resources/Sounds/Cherry_MX/mechvibes/Red_ABS/55.mp3,
				Resources/Sounds/Cherry_MX/mechvibes/Red_ABS/56.mp3,
				Resources/Sounds/Cherry_MX/mechvibes/Red_ABS/57.mp3,
				Resources/Sounds/Cherry_MX/mechvibes/Red_ABS/58.mp3,
				Resources/Sounds/Cherry_MX/mechvibes/Red_ABS/59.mp3,
				Resources/Sounds/Cherry_MX/mechvibes/Red_ABS/60.mp3,
				Resources/Sounds/Cherry_MX/mechvibes/Red_ABS/61.mp3,
				Resources/Sounds/Cherry_MX/mechvibes/Red_ABS/62.mp3,
				Resources/Sounds/Cherry_MX/mechvibes/Red_ABS/63.mp3,
				Resources/Sounds/Cherry_MX/mechvibes/Red_ABS/64.mp3,
				Resources/Sounds/Cherry_MX/mechvibes/Red_ABS/65.mp3,
				Resources/Sounds/Cherry_MX/mechvibes/Red_ABS/66.mp3,
				Resources/Sounds/Cherry_MX/mechvibes/Red_ABS/67.mp3,
				Resources/Sounds/Cherry_MX/mechvibes/Red_ABS/68.mp3,
				Resources/Sounds/Cherry_MX/mechvibes/Red_ABS/69.mp3,
				Resources/Sounds/Cherry_MX/mechvibes/Red_ABS/78.mp3,
				Resources/Sounds/Cherry_MX/mechvibes/Red_ABS/87.mp3,
				Resources/Sounds/Cherry_MX/mechvibes/Red_ABS/88.mp3,
				Resources/Sounds/Cherry_MX/mechvibes/Red_ABS/3640.mp3,
				Resources/Sounds/Cherry_MX/mechvibes/Red_ABS/3655.mp3,
				Resources/Sounds/Cherry_MX/mechvibes/Red_ABS/3657.mp3,
				Resources/Sounds/Cherry_MX/mechvibes/Red_ABS/3663.mp3,
				Resources/Sounds/Cherry_MX/mechvibes/Red_ABS/3665.mp3,
				Resources/Sounds/Cherry_MX/mechvibes/Red_ABS/3666.mp3,
				Resources/Sounds/Cherry_MX/mechvibes/Red_ABS/3675.mp3,
				Resources/Sounds/Cherry_MX/mechvibes/Red_ABS/3676.mp3,
				Resources/Sounds/Cherry_MX/mechvibes/Red_ABS/57416.mp3,
				Resources/Sounds/Cherry_MX/mechvibes/Red_ABS/57419.mp3,
				Resources/Sounds/Cherry_MX/mechvibes/Red_ABS/57421.mp3,
				Resources/Sounds/Cherry_MX/mechvibes/Red_ABS/57424.mp3,
				Resources/Sounds/Cherry_MX/mechvibes/Red_ABS/config.json,
				Resources/Sounds/Cherry_MX/mechvibes/Red_PBT/1.mp3,
				Resources/Sounds/Cherry_MX/mechvibes/Red_PBT/2.mp3,
				Resources/Sounds/Cherry_MX/mechvibes/Red_PBT/3.mp3,
				Resources/Sounds/Cherry_MX/mechvibes/Red_PBT/4.mp3,
				Resources/Sounds/Cherry_MX/mechvibes/Red_PBT/5.mp3,
				Resources/Sounds/Cherry_MX/mechvibes/Red_PBT/6.mp3,
				Resources/Sounds/Cherry_MX/mechvibes/Red_PBT/7.mp3,
				Resources/Sounds/Cherry_MX/mechvibes/Red_PBT/8.mp3,
				Resources/Sounds/Cherry_MX/mechvibes/Red_PBT/9.mp3,
				Resources/Sounds/Cherry_MX/mechvibes/Red_PBT/10.mp3,
				Resources/Sounds/Cherry_MX/mechvibes/Red_PBT/11.mp3,
				Resources/Sounds/Cherry_MX/mechvibes/Red_PBT/12.mp3,
				Resources/Sounds/Cherry_MX/mechvibes/Red_PBT/13.mp3,
				Resources/Sounds/Cherry_MX/mechvibes/Red_PBT/14.mp3,
				Resources/Sounds/Cherry_MX/mechvibes/Red_PBT/15.mp3,
				Resources/Sounds/Cherry_MX/mechvibes/Red_PBT/16.mp3,
				Resources/Sounds/Cherry_MX/mechvibes/Red_PBT/17.mp3,
				Resources/Sounds/Cherry_MX/mechvibes/Red_PBT/18.mp3,
				Resources/Sounds/Cherry_MX/mechvibes/Red_PBT/19.mp3,
				Resources/Sounds/Cherry_MX/mechvibes/Red_PBT/20.mp3,
				Resources/Sounds/Cherry_MX/mechvibes/Red_PBT/21.mp3,
				Resources/Sounds/Cherry_MX/mechvibes/Red_PBT/22.mp3,
				Resources/Sounds/Cherry_MX/mechvibes/Red_PBT/23.mp3,
				Resources/Sounds/Cherry_MX/mechvibes/Red_PBT/24.mp3,
				Resources/Sounds/Cherry_MX/mechvibes/Red_PBT/25.mp3,
				Resources/Sounds/Cherry_MX/mechvibes/Red_PBT/26.mp3,
				Resources/Sounds/Cherry_MX/mechvibes/Red_PBT/27.mp3,
				Resources/Sounds/Cherry_MX/mechvibes/Red_PBT/28.mp3,
				Resources/Sounds/Cherry_MX/mechvibes/Red_PBT/29.mp3,
				Resources/Sounds/Cherry_MX/mechvibes/Red_PBT/30.mp3,
				Resources/Sounds/Cherry_MX/mechvibes/Red_PBT/31.mp3,
				Resources/Sounds/Cherry_MX/mechvibes/Red_PBT/32.mp3,
				Resources/Sounds/Cherry_MX/mechvibes/Red_PBT/33.mp3,
				Resources/Sounds/Cherry_MX/mechvibes/Red_PBT/34.mp3,
				Resources/Sounds/Cherry_MX/mechvibes/Red_PBT/35.mp3,
				Resources/Sounds/Cherry_MX/mechvibes/Red_PBT/36.mp3,
				Resources/Sounds/Cherry_MX/mechvibes/Red_PBT/37.mp3,
				Resources/Sounds/Cherry_MX/mechvibes/Red_PBT/38.mp3,
				Resources/Sounds/Cherry_MX/mechvibes/Red_PBT/39.mp3,
				Resources/Sounds/Cherry_MX/mechvibes/Red_PBT/40.mp3,
				Resources/Sounds/Cherry_MX/mechvibes/Red_PBT/41.mp3,
				Resources/Sounds/Cherry_MX/mechvibes/Red_PBT/42.mp3,
				Resources/Sounds/Cherry_MX/mechvibes/Red_PBT/43.mp3,
				Resources/Sounds/Cherry_MX/mechvibes/Red_PBT/44.mp3,
				Resources/Sounds/Cherry_MX/mechvibes/Red_PBT/45.mp3,
				Resources/Sounds/Cherry_MX/mechvibes/Red_PBT/46.mp3,
				Resources/Sounds/Cherry_MX/mechvibes/Red_PBT/47.mp3,
				Resources/Sounds/Cherry_MX/mechvibes/Red_PBT/48.mp3,
				Resources/Sounds/Cherry_MX/mechvibes/Red_PBT/49.mp3,
				Resources/Sounds/Cherry_MX/mechvibes/Red_PBT/50.mp3,
				Resources/Sounds/Cherry_MX/mechvibes/Red_PBT/51.mp3,
				Resources/Sounds/Cherry_MX/mechvibes/Red_PBT/52.mp3,
				Resources/Sounds/Cherry_MX/mechvibes/Red_PBT/53.mp3,
				Resources/Sounds/Cherry_MX/mechvibes/Red_PBT/54.mp3,
				Resources/Sounds/Cherry_MX/mechvibes/Red_PBT/55.mp3,
				Resources/Sounds/Cherry_MX/mechvibes/Red_PBT/56.mp3,
				Resources/Sounds/Cherry_MX/mechvibes/Red_PBT/57.mp3,
				Resources/Sounds/Cherry_MX/mechvibes/Red_PBT/58.mp3,
				Resources/Sounds/Cherry_MX/mechvibes/Red_PBT/59.mp3,
				Resources/Sounds/Cherry_MX/mechvibes/Red_PBT/60.mp3,
				Resources/Sounds/Cherry_MX/mechvibes/Red_PBT/61.mp3,
				Resources/Sounds/Cherry_MX/mechvibes/Red_PBT/62.mp3,
				Resources/Sounds/Cherry_MX/mechvibes/Red_PBT/63.mp3,
				Resources/Sounds/Cherry_MX/mechvibes/Red_PBT/64.mp3,
				Resources/Sounds/Cherry_MX/mechvibes/Red_PBT/65.mp3,
				Resources/Sounds/Cherry_MX/mechvibes/Red_PBT/66.mp3,
				Resources/Sounds/Cherry_MX/mechvibes/Red_PBT/67.mp3,
				Resources/Sounds/Cherry_MX/mechvibes/Red_PBT/68.mp3,
				Resources/Sounds/Cherry_MX/mechvibes/Red_PBT/69.mp3,
				Resources/Sounds/Cherry_MX/mechvibes/Red_PBT/78.mp3,
				Resources/Sounds/Cherry_MX/mechvibes/Red_PBT/87.mp3,
				Resources/Sounds/Cherry_MX/mechvibes/Red_PBT/88.mp3,
				Resources/Sounds/Cherry_MX/mechvibes/Red_PBT/3640.mp3,
				Resources/Sounds/Cherry_MX/mechvibes/Red_PBT/3655.mp3,
				Resources/Sounds/Cherry_MX/mechvibes/Red_PBT/3657.mp3,
				Resources/Sounds/Cherry_MX/mechvibes/Red_PBT/3663.mp3,
				Resources/Sounds/Cherry_MX/mechvibes/Red_PBT/3665.mp3,
				Resources/Sounds/Cherry_MX/mechvibes/Red_PBT/3666.mp3,
				Resources/Sounds/Cherry_MX/mechvibes/Red_PBT/3675.mp3,
				Resources/Sounds/Cherry_MX/mechvibes/Red_PBT/3676.mp3,
				Resources/Sounds/Cherry_MX/mechvibes/Red_PBT/57416.mp3,
				Resources/Sounds/Cherry_MX/mechvibes/Red_PBT/57419.mp3,
				Resources/Sounds/Cherry_MX/mechvibes/Red_PBT/57421.mp3,
				Resources/Sounds/Cherry_MX/mechvibes/Red_PBT/57424.mp3,
				Resources/Sounds/Cherry_MX/mechvibes/Red_PBT/config.json,
				Resources/Sounds/Cherry_MX/tplai/Black/1.mp3,
				Resources/Sounds/Cherry_MX/tplai/Black/2.mp3,
				Resources/Sounds/Cherry_MX/tplai/Black/3.mp3,
				Resources/Sounds/Cherry_MX/tplai/Black/4.mp3,
				Resources/Sounds/Cherry_MX/tplai/Black/5.mp3,
				Resources/Sounds/Cherry_MX/tplai/Black/101.mp3,
				Resources/Sounds/Cherry_MX/tplai/Black/201.mp3,
				Resources/Sounds/Cherry_MX/tplai/Black/251.mp3,
				Resources/Sounds/Cherry_MX/tplai/Black/301.mp3,
				Resources/Sounds/Cherry_MX/tplai/Black/351.mp3,
				Resources/Sounds/Cherry_MX/tplai/Black/401.mp3,
				Resources/Sounds/Cherry_MX/tplai/Black/451.mp3,
				Resources/Sounds/Cherry_MX/tplai/Black/config.json,
				Resources/Sounds/Cherry_MX/tplai/Blue/1.mp3,
				Resources/Sounds/Cherry_MX/tplai/Blue/2.mp3,
				Resources/Sounds/Cherry_MX/tplai/Blue/3.mp3,
				Resources/Sounds/Cherry_MX/tplai/Blue/4.mp3,
				Resources/Sounds/Cherry_MX/tplai/Blue/5.mp3,
				Resources/Sounds/Cherry_MX/tplai/Blue/101.mp3,
				Resources/Sounds/Cherry_MX/tplai/Blue/config.json,
				Resources/Sounds/Cherry_MX/tplai/Brown/1.mp3,
				Resources/Sounds/Cherry_MX/tplai/Brown/2.mp3,
				Resources/Sounds/Cherry_MX/tplai/Brown/3.mp3,
				Resources/Sounds/Cherry_MX/tplai/Brown/4.mp3,
				Resources/Sounds/Cherry_MX/tplai/Brown/5.mp3,
				Resources/Sounds/Cherry_MX/tplai/Brown/101.mp3,
				Resources/Sounds/Cherry_MX/tplai/Brown/201.mp3,
				Resources/Sounds/Cherry_MX/tplai/Brown/251.mp3,
				Resources/Sounds/Cherry_MX/tplai/Brown/301.mp3,
				Resources/Sounds/Cherry_MX/tplai/Brown/351.mp3,
				Resources/Sounds/Cherry_MX/tplai/Brown/401.mp3,
				Resources/Sounds/Cherry_MX/tplai/Brown/451.mp3,
				Resources/Sounds/Cherry_MX/tplai/Brown/config.json,
				Resources/Sounds/Drop/tplai/Holy_Panda/1.mp3,
				Resources/Sounds/Drop/tplai/Holy_Panda/2.mp3,
				Resources/Sounds/Drop/tplai/Holy_Panda/3.mp3,
				Resources/Sounds/Drop/tplai/Holy_Panda/4.mp3,
				Resources/Sounds/Drop/tplai/Holy_Panda/5.mp3,
				Resources/Sounds/Drop/tplai/Holy_Panda/101.mp3,
				Resources/Sounds/Drop/tplai/Holy_Panda/201.mp3,
				Resources/Sounds/Drop/tplai/Holy_Panda/251.mp3,
				Resources/Sounds/Drop/tplai/Holy_Panda/301.mp3,
				Resources/Sounds/Drop/tplai/Holy_Panda/351.mp3,
				Resources/Sounds/Drop/tplai/Holy_Panda/401.mp3,
				Resources/Sounds/Drop/tplai/Holy_Panda/451.mp3,
				Resources/Sounds/Drop/tplai/Holy_Panda/config.json,
				Resources/Sounds/Durock/tplai/Alpaca/1.mp3,
				Resources/Sounds/Durock/tplai/Alpaca/2.mp3,
				Resources/Sounds/Durock/tplai/Alpaca/3.mp3,
				Resources/Sounds/Durock/tplai/Alpaca/4.mp3,
				Resources/Sounds/Durock/tplai/Alpaca/5.mp3,
				Resources/Sounds/Durock/tplai/Alpaca/101.mp3,
				Resources/Sounds/Durock/tplai/Alpaca/201.mp3,
				Resources/Sounds/Durock/tplai/Alpaca/251.mp3,
				Resources/Sounds/Durock/tplai/Alpaca/301.mp3,
				Resources/Sounds/Durock/tplai/Alpaca/351.mp3,
				Resources/Sounds/Durock/tplai/Alpaca/401.mp3,
				Resources/Sounds/Durock/tplai/Alpaca/451.mp3,
				Resources/Sounds/Durock/tplai/Alpaca/config.json,
				Resources/Sounds/Everglide/mechvibes/Crystal_Purple/1.mp3,
				Resources/Sounds/Everglide/mechvibes/Crystal_Purple/2.mp3,
				Resources/Sounds/Everglide/mechvibes/Crystal_Purple/3.mp3,
				Resources/Sounds/Everglide/mechvibes/Crystal_Purple/4.mp3,
				Resources/Sounds/Everglide/mechvibes/Crystal_Purple/5.mp3,
				Resources/Sounds/Everglide/mechvibes/Crystal_Purple/6.mp3,
				Resources/Sounds/Everglide/mechvibes/Crystal_Purple/7.mp3,
				Resources/Sounds/Everglide/mechvibes/Crystal_Purple/8.mp3,
				Resources/Sounds/Everglide/mechvibes/Crystal_Purple/9.mp3,
				Resources/Sounds/Everglide/mechvibes/Crystal_Purple/10.mp3,
				Resources/Sounds/Everglide/mechvibes/Crystal_Purple/11.mp3,
				Resources/Sounds/Everglide/mechvibes/Crystal_Purple/12.mp3,
				Resources/Sounds/Everglide/mechvibes/Crystal_Purple/13.mp3,
				Resources/Sounds/Everglide/mechvibes/Crystal_Purple/14.mp3,
				Resources/Sounds/Everglide/mechvibes/Crystal_Purple/15.mp3,
				Resources/Sounds/Everglide/mechvibes/Crystal_Purple/16.mp3,
				Resources/Sounds/Everglide/mechvibes/Crystal_Purple/17.mp3,
				Resources/Sounds/Everglide/mechvibes/Crystal_Purple/18.mp3,
				Resources/Sounds/Everglide/mechvibes/Crystal_Purple/19.mp3,
				Resources/Sounds/Everglide/mechvibes/Crystal_Purple/20.mp3,
				Resources/Sounds/Everglide/mechvibes/Crystal_Purple/21.mp3,
				Resources/Sounds/Everglide/mechvibes/Crystal_Purple/22.mp3,
				Resources/Sounds/Everglide/mechvibes/Crystal_Purple/23.mp3,
				Resources/Sounds/Everglide/mechvibes/Crystal_Purple/24.mp3,
				Resources/Sounds/Everglide/mechvibes/Crystal_Purple/25.mp3,
				Resources/Sounds/Everglide/mechvibes/Crystal_Purple/26.mp3,
				Resources/Sounds/Everglide/mechvibes/Crystal_Purple/27.mp3,
				Resources/Sounds/Everglide/mechvibes/Crystal_Purple/28.mp3,
				Resources/Sounds/Everglide/mechvibes/Crystal_Purple/29.mp3,
				Resources/Sounds/Everglide/mechvibes/Crystal_Purple/30.mp3,
				Resources/Sounds/Everglide/mechvibes/Crystal_Purple/31.mp3,
				Resources/Sounds/Everglide/mechvibes/Crystal_Purple/32.mp3,
				Resources/Sounds/Everglide/mechvibes/Crystal_Purple/33.mp3,
				Resources/Sounds/Everglide/mechvibes/Crystal_Purple/34.mp3,
				Resources/Sounds/Everglide/mechvibes/Crystal_Purple/35.mp3,
				Resources/Sounds/Everglide/mechvibes/Crystal_Purple/36.mp3,
				Resources/Sounds/Everglide/mechvibes/Crystal_Purple/37.mp3,
				Resources/Sounds/Everglide/mechvibes/Crystal_Purple/38.mp3,
				Resources/Sounds/Everglide/mechvibes/Crystal_Purple/39.mp3,
				Resources/Sounds/Everglide/mechvibes/Crystal_Purple/40.mp3,
				Resources/Sounds/Everglide/mechvibes/Crystal_Purple/41.mp3,
				Resources/Sounds/Everglide/mechvibes/Crystal_Purple/42.mp3,
				Resources/Sounds/Everglide/mechvibes/Crystal_Purple/43.mp3,
				Resources/Sounds/Everglide/mechvibes/Crystal_Purple/44.mp3,
				Resources/Sounds/Everglide/mechvibes/Crystal_Purple/45.mp3,
				Resources/Sounds/Everglide/mechvibes/Crystal_Purple/46.mp3,
				Resources/Sounds/Everglide/mechvibes/Crystal_Purple/47.mp3,
				Resources/Sounds/Everglide/mechvibes/Crystal_Purple/48.mp3,
				Resources/Sounds/Everglide/mechvibes/Crystal_Purple/49.mp3,
				Resources/Sounds/Everglide/mechvibes/Crystal_Purple/50.mp3,
				Resources/Sounds/Everglide/mechvibes/Crystal_Purple/51.mp3,
				Resources/Sounds/Everglide/mechvibes/Crystal_Purple/52.mp3,
				Resources/Sounds/Everglide/mechvibes/Crystal_Purple/53.mp3,
				Resources/Sounds/Everglide/mechvibes/Crystal_Purple/54.mp3,
				Resources/Sounds/Everglide/mechvibes/Crystal_Purple/55.mp3,
				Resources/Sounds/Everglide/mechvibes/Crystal_Purple/56.mp3,
				Resources/Sounds/Everglide/mechvibes/Crystal_Purple/57.mp3,
				Resources/Sounds/Everglide/mechvibes/Crystal_Purple/58.mp3,
				Resources/Sounds/Everglide/mechvibes/Crystal_Purple/59.mp3,
				Resources/Sounds/Everglide/mechvibes/Crystal_Purple/60.mp3,
				Resources/Sounds/Everglide/mechvibes/Crystal_Purple/61.mp3,
				Resources/Sounds/Everglide/mechvibes/Crystal_Purple/62.mp3,
				Resources/Sounds/Everglide/mechvibes/Crystal_Purple/63.mp3,
				Resources/Sounds/Everglide/mechvibes/Crystal_Purple/64.mp3,
				Resources/Sounds/Everglide/mechvibes/Crystal_Purple/65.mp3,
				Resources/Sounds/Everglide/mechvibes/Crystal_Purple/66.mp3,
				Resources/Sounds/Everglide/mechvibes/Crystal_Purple/67.mp3,
				Resources/Sounds/Everglide/mechvibes/Crystal_Purple/68.mp3,
				Resources/Sounds/Everglide/mechvibes/Crystal_Purple/69.mp3,
				Resources/Sounds/Everglide/mechvibes/Crystal_Purple/78.mp3,
				Resources/Sounds/Everglide/mechvibes/Crystal_Purple/87.mp3,
				Resources/Sounds/Everglide/mechvibes/Crystal_Purple/88.mp3,
				Resources/Sounds/Everglide/mechvibes/Crystal_Purple/3640.mp3,
				Resources/Sounds/Everglide/mechvibes/Crystal_Purple/3655.mp3,
				Resources/Sounds/Everglide/mechvibes/Crystal_Purple/3657.mp3,
				Resources/Sounds/Everglide/mechvibes/Crystal_Purple/3663.mp3,
				Resources/Sounds/Everglide/mechvibes/Crystal_Purple/3665.mp3,
				Resources/Sounds/Everglide/mechvibes/Crystal_Purple/3666.mp3,
				Resources/Sounds/Everglide/mechvibes/Crystal_Purple/3675.mp3,
				Resources/Sounds/Everglide/mechvibes/Crystal_Purple/3676.mp3,
				Resources/Sounds/Everglide/mechvibes/Crystal_Purple/57416.mp3,
				Resources/Sounds/Everglide/mechvibes/Crystal_Purple/57419.mp3,
				Resources/Sounds/Everglide/mechvibes/Crystal_Purple/57421.mp3,
				Resources/Sounds/Everglide/mechvibes/Crystal_Purple/57424.mp3,
				Resources/Sounds/Everglide/mechvibes/Crystal_Purple/config.json,
				Resources/Sounds/Everglide/mechvibes/Oreo/1.mp3,
				Resources/Sounds/Everglide/mechvibes/Oreo/2.mp3,
				Resources/Sounds/Everglide/mechvibes/Oreo/3.mp3,
				Resources/Sounds/Everglide/mechvibes/Oreo/4.mp3,
				Resources/Sounds/Everglide/mechvibes/Oreo/5.mp3,
				Resources/Sounds/Everglide/mechvibes/Oreo/6.mp3,
				Resources/Sounds/Everglide/mechvibes/Oreo/7.mp3,
				Resources/Sounds/Everglide/mechvibes/Oreo/8.mp3,
				Resources/Sounds/Everglide/mechvibes/Oreo/9.mp3,
				Resources/Sounds/Everglide/mechvibes/Oreo/10.mp3,
				Resources/Sounds/Everglide/mechvibes/Oreo/11.mp3,
				Resources/Sounds/Everglide/mechvibes/Oreo/12.mp3,
				Resources/Sounds/Everglide/mechvibes/Oreo/13.mp3,
				Resources/Sounds/Everglide/mechvibes/Oreo/14.mp3,
				Resources/Sounds/Everglide/mechvibes/Oreo/15.mp3,
				Resources/Sounds/Everglide/mechvibes/Oreo/16.mp3,
				Resources/Sounds/Everglide/mechvibes/Oreo/17.mp3,
				Resources/Sounds/Everglide/mechvibes/Oreo/18.mp3,
				Resources/Sounds/Everglide/mechvibes/Oreo/19.mp3,
				Resources/Sounds/Everglide/mechvibes/Oreo/20.mp3,
				Resources/Sounds/Everglide/mechvibes/Oreo/21.mp3,
				Resources/Sounds/Everglide/mechvibes/Oreo/22.mp3,
				Resources/Sounds/Everglide/mechvibes/Oreo/23.mp3,
				Resources/Sounds/Everglide/mechvibes/Oreo/24.mp3,
				Resources/Sounds/Everglide/mechvibes/Oreo/25.mp3,
				Resources/Sounds/Everglide/mechvibes/Oreo/26.mp3,
				Resources/Sounds/Everglide/mechvibes/Oreo/27.mp3,
				Resources/Sounds/Everglide/mechvibes/Oreo/28.mp3,
				Resources/Sounds/Everglide/mechvibes/Oreo/29.mp3,
				Resources/Sounds/Everglide/mechvibes/Oreo/30.mp3,
				Resources/Sounds/Everglide/mechvibes/Oreo/31.mp3,
				Resources/Sounds/Everglide/mechvibes/Oreo/32.mp3,
				Resources/Sounds/Everglide/mechvibes/Oreo/33.mp3,
				Resources/Sounds/Everglide/mechvibes/Oreo/34.mp3,
				Resources/Sounds/Everglide/mechvibes/Oreo/35.mp3,
				Resources/Sounds/Everglide/mechvibes/Oreo/36.mp3,
				Resources/Sounds/Everglide/mechvibes/Oreo/37.mp3,
				Resources/Sounds/Everglide/mechvibes/Oreo/38.mp3,
				Resources/Sounds/Everglide/mechvibes/Oreo/39.mp3,
				Resources/Sounds/Everglide/mechvibes/Oreo/40.mp3,
				Resources/Sounds/Everglide/mechvibes/Oreo/41.mp3,
				Resources/Sounds/Everglide/mechvibes/Oreo/42.mp3,
				Resources/Sounds/Everglide/mechvibes/Oreo/43.mp3,
				Resources/Sounds/Everglide/mechvibes/Oreo/44.mp3,
				Resources/Sounds/Everglide/mechvibes/Oreo/45.mp3,
				Resources/Sounds/Everglide/mechvibes/Oreo/46.mp3,
				Resources/Sounds/Everglide/mechvibes/Oreo/47.mp3,
				Resources/Sounds/Everglide/mechvibes/Oreo/48.mp3,
				Resources/Sounds/Everglide/mechvibes/Oreo/49.mp3,
				Resources/Sounds/Everglide/mechvibes/Oreo/50.mp3,
				Resources/Sounds/Everglide/mechvibes/Oreo/51.mp3,
				Resources/Sounds/Everglide/mechvibes/Oreo/52.mp3,
				Resources/Sounds/Everglide/mechvibes/Oreo/53.mp3,
				Resources/Sounds/Everglide/mechvibes/Oreo/54.mp3,
				Resources/Sounds/Everglide/mechvibes/Oreo/55.mp3,
				Resources/Sounds/Everglide/mechvibes/Oreo/56.mp3,
				Resources/Sounds/Everglide/mechvibes/Oreo/57.mp3,
				Resources/Sounds/Everglide/mechvibes/Oreo/58.mp3,
				Resources/Sounds/Everglide/mechvibes/Oreo/59.mp3,
				Resources/Sounds/Everglide/mechvibes/Oreo/60.mp3,
				Resources/Sounds/Everglide/mechvibes/Oreo/61.mp3,
				Resources/Sounds/Everglide/mechvibes/Oreo/62.mp3,
				Resources/Sounds/Everglide/mechvibes/Oreo/63.mp3,
				Resources/Sounds/Everglide/mechvibes/Oreo/64.mp3,
				Resources/Sounds/Everglide/mechvibes/Oreo/65.mp3,
				Resources/Sounds/Everglide/mechvibes/Oreo/66.mp3,
				Resources/Sounds/Everglide/mechvibes/Oreo/67.mp3,
				Resources/Sounds/Everglide/mechvibes/Oreo/68.mp3,
				Resources/Sounds/Everglide/mechvibes/Oreo/69.mp3,
				Resources/Sounds/Everglide/mechvibes/Oreo/78.mp3,
				Resources/Sounds/Everglide/mechvibes/Oreo/87.mp3,
				Resources/Sounds/Everglide/mechvibes/Oreo/88.mp3,
				Resources/Sounds/Everglide/mechvibes/Oreo/3640.mp3,
				Resources/Sounds/Everglide/mechvibes/Oreo/3655.mp3,
				Resources/Sounds/Everglide/mechvibes/Oreo/3657.mp3,
				Resources/Sounds/Everglide/mechvibes/Oreo/3663.mp3,
				Resources/Sounds/Everglide/mechvibes/Oreo/3665.mp3,
				Resources/Sounds/Everglide/mechvibes/Oreo/3666.mp3,
				Resources/Sounds/Everglide/mechvibes/Oreo/3675.mp3,
				Resources/Sounds/Everglide/mechvibes/Oreo/3676.mp3,
				Resources/Sounds/Everglide/mechvibes/Oreo/57416.mp3,
				Resources/Sounds/Everglide/mechvibes/Oreo/57419.mp3,
				Resources/Sounds/Everglide/mechvibes/Oreo/57421.mp3,
				Resources/Sounds/Everglide/mechvibes/Oreo/57424.mp3,
				Resources/Sounds/Everglide/mechvibes/Oreo/config.json,
				Resources/Sounds/Gateron/tplai/Ink_Black/1.mp3,
				Resources/Sounds/Gateron/tplai/Ink_Black/2.mp3,
				Resources/Sounds/Gateron/tplai/Ink_Black/3.mp3,
				Resources/Sounds/Gateron/tplai/Ink_Black/4.mp3,
				Resources/Sounds/Gateron/tplai/Ink_Black/5.mp3,
				Resources/Sounds/Gateron/tplai/Ink_Black/101.mp3,
				Resources/Sounds/Gateron/tplai/Ink_Black/201.mp3,
				Resources/Sounds/Gateron/tplai/Ink_Black/251.mp3,
				Resources/Sounds/Gateron/tplai/Ink_Black/301.mp3,
				Resources/Sounds/Gateron/tplai/Ink_Black/351.mp3,
				Resources/Sounds/Gateron/tplai/Ink_Black/401.mp3,
				Resources/Sounds/Gateron/tplai/Ink_Black/451.mp3,
				Resources/Sounds/Gateron/tplai/Ink_Black/config.json,
				Resources/Sounds/Gateron/tplai/Ink_Red/1.mp3,
				Resources/Sounds/Gateron/tplai/Ink_Red/2.mp3,
				Resources/Sounds/Gateron/tplai/Ink_Red/3.mp3,
				Resources/Sounds/Gateron/tplai/Ink_Red/4.mp3,
				Resources/Sounds/Gateron/tplai/Ink_Red/5.mp3,
				Resources/Sounds/Gateron/tplai/Ink_Red/101.mp3,
				Resources/Sounds/Gateron/tplai/Ink_Red/201.mp3,
				Resources/Sounds/Gateron/tplai/Ink_Red/251.mp3,
				Resources/Sounds/Gateron/tplai/Ink_Red/301.mp3,
				Resources/Sounds/Gateron/tplai/Ink_Red/351.mp3,
				Resources/Sounds/Gateron/tplai/Ink_Red/401.mp3,
				Resources/Sounds/Gateron/tplai/Ink_Red/451.mp3,
				Resources/Sounds/Gateron/tplai/Ink_Red/config.json,
				Resources/Sounds/Gateron/tplai/Turquoise_Tealios/1.mp3,
				Resources/Sounds/Gateron/tplai/Turquoise_Tealios/2.mp3,
				Resources/Sounds/Gateron/tplai/Turquoise_Tealios/3.mp3,
				Resources/Sounds/Gateron/tplai/Turquoise_Tealios/4.mp3,
				Resources/Sounds/Gateron/tplai/Turquoise_Tealios/5.mp3,
				Resources/Sounds/Gateron/tplai/Turquoise_Tealios/101.mp3,
				Resources/Sounds/Gateron/tplai/Turquoise_Tealios/201.mp3,
				Resources/Sounds/Gateron/tplai/Turquoise_Tealios/251.mp3,
				Resources/Sounds/Gateron/tplai/Turquoise_Tealios/301.mp3,
				Resources/Sounds/Gateron/tplai/Turquoise_Tealios/351.mp3,
				Resources/Sounds/Gateron/tplai/Turquoise_Tealios/401.mp3,
				Resources/Sounds/Gateron/tplai/Turquoise_Tealios/451.mp3,
				Resources/Sounds/Gateron/tplai/Turquoise_Tealios/config.json,
				Resources/Sounds/Kailh/tplai/Box_Navy/1.mp3,
				Resources/Sounds/Kailh/tplai/Box_Navy/2.mp3,
				Resources/Sounds/Kailh/tplai/Box_Navy/3.mp3,
				Resources/Sounds/Kailh/tplai/Box_Navy/4.mp3,
				Resources/Sounds/Kailh/tplai/Box_Navy/5.mp3,
				Resources/Sounds/Kailh/tplai/Box_Navy/101.mp3,
				Resources/Sounds/Kailh/tplai/Box_Navy/201.mp3,
				Resources/Sounds/Kailh/tplai/Box_Navy/251.mp3,
				Resources/Sounds/Kailh/tplai/Box_Navy/301.mp3,
				Resources/Sounds/Kailh/tplai/Box_Navy/351.mp3,
				Resources/Sounds/Kailh/tplai/Box_Navy/401.mp3,
				Resources/Sounds/Kailh/tplai/Box_Navy/451.mp3,
				Resources/Sounds/Kailh/tplai/Box_Navy/config.json,
				Resources/Sounds/NovelKeys/tplai/Cream/1.mp3,
				Resources/Sounds/NovelKeys/tplai/Cream/2.mp3,
				Resources/Sounds/NovelKeys/tplai/Cream/3.mp3,
				Resources/Sounds/NovelKeys/tplai/Cream/4.mp3,
				Resources/Sounds/NovelKeys/tplai/Cream/5.mp3,
				Resources/Sounds/NovelKeys/tplai/Cream/101.mp3,
				Resources/Sounds/NovelKeys/tplai/Cream/201.mp3,
				Resources/Sounds/NovelKeys/tplai/Cream/251.mp3,
				Resources/Sounds/NovelKeys/tplai/Cream/301.mp3,
				Resources/Sounds/NovelKeys/tplai/Cream/351.mp3,
				Resources/Sounds/NovelKeys/tplai/Cream/401.mp3,
				Resources/Sounds/NovelKeys/tplai/Cream/451.mp3,
				Resources/Sounds/NovelKeys/tplai/Cream/config.json,
				Resources/Sounds/Other/tplai/Buckling_Spring/1.mp3,
				Resources/Sounds/Other/tplai/Buckling_Spring/2.mp3,
				Resources/Sounds/Other/tplai/Buckling_Spring/3.mp3,
				Resources/Sounds/Other/tplai/Buckling_Spring/4.mp3,
				Resources/Sounds/Other/tplai/Buckling_Spring/5.mp3,
				Resources/Sounds/Other/tplai/Buckling_Spring/101.mp3,
				Resources/Sounds/Other/tplai/Buckling_Spring/201.mp3,
				Resources/Sounds/Other/tplai/Buckling_Spring/251.mp3,
				Resources/Sounds/Other/tplai/Buckling_Spring/301.mp3,
				Resources/Sounds/Other/tplai/Buckling_Spring/351.mp3,
				Resources/Sounds/Other/tplai/Buckling_Spring/401.mp3,
				Resources/Sounds/Other/tplai/Buckling_Spring/451.mp3,
				Resources/Sounds/Other/tplai/Buckling_Spring/config.json,
				Resources/Sounds/Other/webdevcody/unknown/1.mp3,
				Resources/Sounds/Other/webdevcody/unknown/2.mp3,
				Resources/Sounds/Other/webdevcody/unknown/3.mp3,
				Resources/Sounds/Other/webdevcody/unknown/4.mp3,
				Resources/Sounds/Other/webdevcody/unknown/5.mp3,
				Resources/Sounds/Other/webdevcody/unknown/6.mp3,
				Resources/Sounds/Other/webdevcody/unknown/7.mp3,
				Resources/Sounds/Other/webdevcody/unknown/101.mp3,
				Resources/Sounds/Other/webdevcody/unknown/102.mp3,
				Resources/Sounds/Other/webdevcody/unknown/103.mp3,
				Resources/Sounds/Other/webdevcody/unknown/104.mp3,
				Resources/Sounds/Other/webdevcody/unknown/105.mp3,
				Resources/Sounds/Other/webdevcody/unknown/106.mp3,
				Resources/Sounds/Other/webdevcody/unknown/107.mp3,
				Resources/Sounds/Other/webdevcody/unknown/201.mp3,
				Resources/Sounds/Other/webdevcody/unknown/251.mp3,
				Resources/Sounds/Other/webdevcody/unknown/301.mp3,
				Resources/Sounds/Other/webdevcody/unknown/351.mp3,
				Resources/Sounds/Other/webdevcody/unknown/config.json,
				Resources/Sounds/Topre/mechvibes/Purple_Hybrid_PBT/1.mp3,
				Resources/Sounds/Topre/mechvibes/Purple_Hybrid_PBT/2.mp3,
				Resources/Sounds/Topre/mechvibes/Purple_Hybrid_PBT/3.mp3,
				Resources/Sounds/Topre/mechvibes/Purple_Hybrid_PBT/4.mp3,
				Resources/Sounds/Topre/mechvibes/Purple_Hybrid_PBT/5.mp3,
				Resources/Sounds/Topre/mechvibes/Purple_Hybrid_PBT/6.mp3,
				Resources/Sounds/Topre/mechvibes/Purple_Hybrid_PBT/7.mp3,
				Resources/Sounds/Topre/mechvibes/Purple_Hybrid_PBT/8.mp3,
				Resources/Sounds/Topre/mechvibes/Purple_Hybrid_PBT/9.mp3,
				Resources/Sounds/Topre/mechvibes/Purple_Hybrid_PBT/10.mp3,
				Resources/Sounds/Topre/mechvibes/Purple_Hybrid_PBT/11.mp3,
				Resources/Sounds/Topre/mechvibes/Purple_Hybrid_PBT/12.mp3,
				Resources/Sounds/Topre/mechvibes/Purple_Hybrid_PBT/13.mp3,
				Resources/Sounds/Topre/mechvibes/Purple_Hybrid_PBT/14.mp3,
				Resources/Sounds/Topre/mechvibes/Purple_Hybrid_PBT/15.mp3,
				Resources/Sounds/Topre/mechvibes/Purple_Hybrid_PBT/16.mp3,
				Resources/Sounds/Topre/mechvibes/Purple_Hybrid_PBT/17.mp3,
				Resources/Sounds/Topre/mechvibes/Purple_Hybrid_PBT/18.mp3,
				Resources/Sounds/Topre/mechvibes/Purple_Hybrid_PBT/19.mp3,
				Resources/Sounds/Topre/mechvibes/Purple_Hybrid_PBT/20.mp3,
				Resources/Sounds/Topre/mechvibes/Purple_Hybrid_PBT/21.mp3,
				Resources/Sounds/Topre/mechvibes/Purple_Hybrid_PBT/22.mp3,
				Resources/Sounds/Topre/mechvibes/Purple_Hybrid_PBT/23.mp3,
				Resources/Sounds/Topre/mechvibes/Purple_Hybrid_PBT/24.mp3,
				Resources/Sounds/Topre/mechvibes/Purple_Hybrid_PBT/25.mp3,
				Resources/Sounds/Topre/mechvibes/Purple_Hybrid_PBT/26.mp3,
				Resources/Sounds/Topre/mechvibes/Purple_Hybrid_PBT/27.mp3,
				Resources/Sounds/Topre/mechvibes/Purple_Hybrid_PBT/28.mp3,
				Resources/Sounds/Topre/mechvibes/Purple_Hybrid_PBT/29.mp3,
				Resources/Sounds/Topre/mechvibes/Purple_Hybrid_PBT/30.mp3,
				Resources/Sounds/Topre/mechvibes/Purple_Hybrid_PBT/31.mp3,
				Resources/Sounds/Topre/mechvibes/Purple_Hybrid_PBT/32.mp3,
				Resources/Sounds/Topre/mechvibes/Purple_Hybrid_PBT/33.mp3,
				Resources/Sounds/Topre/mechvibes/Purple_Hybrid_PBT/34.mp3,
				Resources/Sounds/Topre/mechvibes/Purple_Hybrid_PBT/35.mp3,
				Resources/Sounds/Topre/mechvibes/Purple_Hybrid_PBT/36.mp3,
				Resources/Sounds/Topre/mechvibes/Purple_Hybrid_PBT/37.mp3,
				Resources/Sounds/Topre/mechvibes/Purple_Hybrid_PBT/38.mp3,
				Resources/Sounds/Topre/mechvibes/Purple_Hybrid_PBT/39.mp3,
				Resources/Sounds/Topre/mechvibes/Purple_Hybrid_PBT/40.mp3,
				Resources/Sounds/Topre/mechvibes/Purple_Hybrid_PBT/41.mp3,
				Resources/Sounds/Topre/mechvibes/Purple_Hybrid_PBT/42.mp3,
				Resources/Sounds/Topre/mechvibes/Purple_Hybrid_PBT/43.mp3,
				Resources/Sounds/Topre/mechvibes/Purple_Hybrid_PBT/44.mp3,
				Resources/Sounds/Topre/mechvibes/Purple_Hybrid_PBT/45.mp3,
				Resources/Sounds/Topre/mechvibes/Purple_Hybrid_PBT/46.mp3,
				Resources/Sounds/Topre/mechvibes/Purple_Hybrid_PBT/47.mp3,
				Resources/Sounds/Topre/mechvibes/Purple_Hybrid_PBT/48.mp3,
				Resources/Sounds/Topre/mechvibes/Purple_Hybrid_PBT/49.mp3,
				Resources/Sounds/Topre/mechvibes/Purple_Hybrid_PBT/50.mp3,
				Resources/Sounds/Topre/mechvibes/Purple_Hybrid_PBT/51.mp3,
				Resources/Sounds/Topre/mechvibes/Purple_Hybrid_PBT/52.mp3,
				Resources/Sounds/Topre/mechvibes/Purple_Hybrid_PBT/53.mp3,
				Resources/Sounds/Topre/mechvibes/Purple_Hybrid_PBT/54.mp3,
				Resources/Sounds/Topre/mechvibes/Purple_Hybrid_PBT/55.mp3,
				Resources/Sounds/Topre/mechvibes/Purple_Hybrid_PBT/56.mp3,
				Resources/Sounds/Topre/mechvibes/Purple_Hybrid_PBT/57.mp3,
				Resources/Sounds/Topre/mechvibes/Purple_Hybrid_PBT/58.mp3,
				Resources/Sounds/Topre/mechvibes/Purple_Hybrid_PBT/59.mp3,
				Resources/Sounds/Topre/mechvibes/Purple_Hybrid_PBT/60.mp3,
				Resources/Sounds/Topre/mechvibes/Purple_Hybrid_PBT/61.mp3,
				Resources/Sounds/Topre/mechvibes/Purple_Hybrid_PBT/62.mp3,
				Resources/Sounds/Topre/mechvibes/Purple_Hybrid_PBT/63.mp3,
				Resources/Sounds/Topre/mechvibes/Purple_Hybrid_PBT/64.mp3,
				Resources/Sounds/Topre/mechvibes/Purple_Hybrid_PBT/65.mp3,
				Resources/Sounds/Topre/mechvibes/Purple_Hybrid_PBT/66.mp3,
				Resources/Sounds/Topre/mechvibes/Purple_Hybrid_PBT/67.mp3,
				Resources/Sounds/Topre/mechvibes/Purple_Hybrid_PBT/68.mp3,
				Resources/Sounds/Topre/mechvibes/Purple_Hybrid_PBT/69.mp3,
				Resources/Sounds/Topre/mechvibes/Purple_Hybrid_PBT/78.mp3,
				Resources/Sounds/Topre/mechvibes/Purple_Hybrid_PBT/87.mp3,
				Resources/Sounds/Topre/mechvibes/Purple_Hybrid_PBT/88.mp3,
				Resources/Sounds/Topre/mechvibes/Purple_Hybrid_PBT/3640.mp3,
				Resources/Sounds/Topre/mechvibes/Purple_Hybrid_PBT/3655.mp3,
				Resources/Sounds/Topre/mechvibes/Purple_Hybrid_PBT/3657.mp3,
				Resources/Sounds/Topre/mechvibes/Purple_Hybrid_PBT/3663.mp3,
				Resources/Sounds/Topre/mechvibes/Purple_Hybrid_PBT/3665.mp3,
				Resources/Sounds/Topre/mechvibes/Purple_Hybrid_PBT/3666.mp3,
				Resources/Sounds/Topre/mechvibes/Purple_Hybrid_PBT/3675.mp3,
				Resources/Sounds/Topre/mechvibes/Purple_Hybrid_PBT/3676.mp3,
				Resources/Sounds/Topre/mechvibes/Purple_Hybrid_PBT/57416.mp3,
				Resources/Sounds/Topre/mechvibes/Purple_Hybrid_PBT/57419.mp3,
				Resources/Sounds/Topre/mechvibes/Purple_Hybrid_PBT/57421.mp3,
				Resources/Sounds/Topre/mechvibes/Purple_Hybrid_PBT/57424.mp3,
				Resources/Sounds/Topre/mechvibes/Purple_Hybrid_PBT/config.json,
				Resources/Sounds/Topre/tplai/Topre/1.mp3,
				Resources/Sounds/Topre/tplai/Topre/2.mp3,
				Resources/Sounds/Topre/tplai/Topre/3.mp3,
				Resources/Sounds/Topre/tplai/Topre/4.mp3,
				Resources/Sounds/Topre/tplai/Topre/5.mp3,
				Resources/Sounds/Topre/tplai/Topre/101.mp3,
				Resources/Sounds/Topre/tplai/Topre/201.mp3,
				Resources/Sounds/Topre/tplai/Topre/251.mp3,
				Resources/Sounds/Topre/tplai/Topre/301.mp3,
				Resources/Sounds/Topre/tplai/Topre/351.mp3,
				Resources/Sounds/Topre/tplai/Topre/401.mp3,
				Resources/Sounds/Topre/tplai/Topre/451.mp3,
				Resources/Sounds/Topre/tplai/Topre/config.json,
			);
			target = 7762F48F2D7A83BA0033AE42 /* Thock */;
		};
/* End PBXFileSystemSynchronizedBuildFileExceptionSet section */

/* Begin PBXFileSystemSynchronizedRootGroup section */
		7762F4922D7A83BA0033AE42 /* Thock */ = {
			isa = PBXFileSystemSynchronizedRootGroup;
			exceptions = (
				777D591E2D7B0B7600A1B71F /* Exceptions for "Thock" folder in "Thock" target */,
			);
			path = Thock;
			sourceTree = "<group>";
		};
		7762F4A42D7A83BC0033AE42 /* ThockTests */ = {
			isa = PBXFileSystemSynchronizedRootGroup;
			path = ThockTests;
			sourceTree = "<group>";
		};
		7762F4AE2D7A83BC0033AE42 /* ThockUITests */ = {
			isa = PBXFileSystemSynchronizedRootGroup;
			path = ThockUITests;
			sourceTree = "<group>";
		};
/* End PBXFileSystemSynchronizedRootGroup section */

/* Begin PBXFrameworksBuildPhase section */
		7762F48D2D7A83BA0033AE42 /* Frameworks */ = {
			isa = PBXFrameworksBuildPhase;
			buildActionMask = 2147483647;
			files = (
			);
			runOnlyForDeploymentPostprocessing = 0;
		};
		7762F49E2D7A83BC0033AE42 /* Frameworks */ = {
			isa = PBXFrameworksBuildPhase;
			buildActionMask = 2147483647;
			files = (
			);
			runOnlyForDeploymentPostprocessing = 0;
		};
		7762F4A82D7A83BC0033AE42 /* Frameworks */ = {
			isa = PBXFrameworksBuildPhase;
			buildActionMask = 2147483647;
			files = (
			);
			runOnlyForDeploymentPostprocessing = 0;
		};
/* End PBXFrameworksBuildPhase section */

/* Begin PBXGroup section */
		7709B6652D98A08C00E5E6E9 /* cli */ = {
			isa = PBXGroup;
			children = (
				7709B6642D98A08C00E5E6E9 /* thock-cli */,
			);
			path = cli;
			sourceTree = "<group>";
		};
		7716DC4A2D9FEC9B00E50DDB /* workflows */ = {
			isa = PBXGroup;
			children = (
				7716DC492D9FEC9B00E50DDB /* release.yml */,
			);
			path = workflows;
			sourceTree = "<group>";
		};
		7716DC4B2D9FEC9B00E50DDB /* .github */ = {
			isa = PBXGroup;
			children = (
				7716DC4A2D9FEC9B00E50DDB /* workflows */,
			);
			path = .github;
			sourceTree = "<group>";
		};
		7762F4872D7A83BA0033AE42 = {
			isa = PBXGroup;
			children = (
				772D9F2D2D817942003DA1A4 /* Resources */,
				7762F4922D7A83BA0033AE42 /* Thock */,
				7762F4A42D7A83BC0033AE42 /* ThockTests */,
				7762F4AE2D7A83BC0033AE42 /* ThockUITests */,
				7762F4912D7A83BA0033AE42 /* Products */,
				7709B6652D98A08C00E5E6E9 /* cli */,
				7716DC4B2D9FEC9B00E50DDB /* .github */,
			);
			indentWidth = 4;
			sourceTree = "<group>";
			tabWidth = 4;
		};
		7762F4912D7A83BA0033AE42 /* Products */ = {
			isa = PBXGroup;
			children = (
				7762F4902D7A83BA0033AE42 /* Thock.app */,
				7762F4A12D7A83BC0033AE42 /* ThockTests.xctest */,
				7762F4AB2D7A83BC0033AE42 /* ThockUITests.xctest */,
			);
			name = Products;
			sourceTree = "<group>";
		};
/* End PBXGroup section */

/* Begin PBXNativeTarget section */
		7762F48F2D7A83BA0033AE42 /* Thock */ = {
			isa = PBXNativeTarget;
			buildConfigurationList = 7762F4B52D7A83BC0033AE42 /* Build configuration list for PBXNativeTarget "Thock" */;
			buildPhases = (
				7762F48C2D7A83BA0033AE42 /* Sources */,
				7762F48D2D7A83BA0033AE42 /* Frameworks */,
				7762F48E2D7A83BA0033AE42 /* Resources */,
			);
			buildRules = (
			);
			dependencies = (
			);
			fileSystemSynchronizedGroups = (
				7762F4922D7A83BA0033AE42 /* Thock */,
			);
			name = Thock;
			packageProductDependencies = (
			);
			productName = Tapp;
			productReference = 7762F4902D7A83BA0033AE42 /* Thock.app */;
			productType = "com.apple.product-type.application";
		};
		7762F4A02D7A83BC0033AE42 /* ThockTests */ = {
			isa = PBXNativeTarget;
			buildConfigurationList = 7762F4B82D7A83BC0033AE42 /* Build configuration list for PBXNativeTarget "ThockTests" */;
			buildPhases = (
				7762F49D2D7A83BC0033AE42 /* Sources */,
				7762F49E2D7A83BC0033AE42 /* Frameworks */,
				7762F49F2D7A83BC0033AE42 /* Resources */,
			);
			buildRules = (
			);
			dependencies = (
				7762F4A32D7A83BC0033AE42 /* PBXTargetDependency */,
			);
			fileSystemSynchronizedGroups = (
				7762F4A42D7A83BC0033AE42 /* ThockTests */,
			);
			name = ThockTests;
			packageProductDependencies = (
			);
			productName = TappTests;
			productReference = 7762F4A12D7A83BC0033AE42 /* ThockTests.xctest */;
			productType = "com.apple.product-type.bundle.unit-test";
		};
		7762F4AA2D7A83BC0033AE42 /* ThockUITests */ = {
			isa = PBXNativeTarget;
			buildConfigurationList = 7762F4BB2D7A83BC0033AE42 /* Build configuration list for PBXNativeTarget "ThockUITests" */;
			buildPhases = (
				7762F4A72D7A83BC0033AE42 /* Sources */,
				7762F4A82D7A83BC0033AE42 /* Frameworks */,
				7762F4A92D7A83BC0033AE42 /* Resources */,
			);
			buildRules = (
			);
			dependencies = (
				7762F4AD2D7A83BC0033AE42 /* PBXTargetDependency */,
			);
			fileSystemSynchronizedGroups = (
				7762F4AE2D7A83BC0033AE42 /* ThockUITests */,
			);
			name = ThockUITests;
			packageProductDependencies = (
			);
			productName = TappUITests;
			productReference = 7762F4AB2D7A83BC0033AE42 /* ThockUITests.xctest */;
			productType = "com.apple.product-type.bundle.ui-testing";
		};
/* End PBXNativeTarget section */

/* Begin PBXProject section */
		7762F4882D7A83BA0033AE42 /* Project object */ = {
			isa = PBXProject;
			attributes = {
				BuildIndependentTargetsInParallel = 1;
				LastSwiftUpdateCheck = 1620;
				LastUpgradeCheck = 1620;
				TargetAttributes = {
					7762F48F2D7A83BA0033AE42 = {
						CreatedOnToolsVersion = 16.2;
					};
					7762F4A02D7A83BC0033AE42 = {
						CreatedOnToolsVersion = 16.2;
						TestTargetID = 7762F48F2D7A83BA0033AE42;
					};
					7762F4AA2D7A83BC0033AE42 = {
						CreatedOnToolsVersion = 16.2;
						TestTargetID = 7762F48F2D7A83BA0033AE42;
					};
				};
			};
			buildConfigurationList = 7762F48B2D7A83BA0033AE42 /* Build configuration list for PBXProject "Thock" */;
			developmentRegion = en;
			hasScannedForEncodings = 0;
			knownRegions = (
				en,
				Base,
			);
			mainGroup = 7762F4872D7A83BA0033AE42;
			minimizedProjectReferenceProxies = 1;
			preferredProjectObjectVersion = 77;
			productRefGroup = 7762F4912D7A83BA0033AE42 /* Products */;
			projectDirPath = "";
			projectRoot = "";
			targets = (
				7762F48F2D7A83BA0033AE42 /* Thock */,
				7762F4A02D7A83BC0033AE42 /* ThockTests */,
				7762F4AA2D7A83BC0033AE42 /* ThockUITests */,
			);
		};
/* End PBXProject section */

/* Begin PBXResourcesBuildPhase section */
		7762F48E2D7A83BA0033AE42 /* Resources */ = {
			isa = PBXResourcesBuildPhase;
			buildActionMask = 2147483647;
			files = (
				772D9F2E2D817943003DA1A4 /* Resources in Resources */,
			);
			runOnlyForDeploymentPostprocessing = 0;
		};
		7762F49F2D7A83BC0033AE42 /* Resources */ = {
			isa = PBXResourcesBuildPhase;
			buildActionMask = 2147483647;
			files = (
			);
			runOnlyForDeploymentPostprocessing = 0;
		};
		7762F4A92D7A83BC0033AE42 /* Resources */ = {
			isa = PBXResourcesBuildPhase;
			buildActionMask = 2147483647;
			files = (
			);
			runOnlyForDeploymentPostprocessing = 0;
		};
/* End PBXResourcesBuildPhase section */

/* Begin PBXSourcesBuildPhase section */
		7762F48C2D7A83BA0033AE42 /* Sources */ = {
			isa = PBXSourcesBuildPhase;
			buildActionMask = 2147483647;
			files = (
			);
			runOnlyForDeploymentPostprocessing = 0;
		};
		7762F49D2D7A83BC0033AE42 /* Sources */ = {
			isa = PBXSourcesBuildPhase;
			buildActionMask = 2147483647;
			files = (
			);
			runOnlyForDeploymentPostprocessing = 0;
		};
		7762F4A72D7A83BC0033AE42 /* Sources */ = {
			isa = PBXSourcesBuildPhase;
			buildActionMask = 2147483647;
			files = (
			);
			runOnlyForDeploymentPostprocessing = 0;
		};
/* End PBXSourcesBuildPhase section */

/* Begin PBXTargetDependency section */
		7762F4A32D7A83BC0033AE42 /* PBXTargetDependency */ = {
			isa = PBXTargetDependency;
			target = 7762F48F2D7A83BA0033AE42 /* Thock */;
			targetProxy = 7762F4A22D7A83BC0033AE42 /* PBXContainerItemProxy */;
		};
		7762F4AD2D7A83BC0033AE42 /* PBXTargetDependency */ = {
			isa = PBXTargetDependency;
			target = 7762F48F2D7A83BA0033AE42 /* Thock */;
			targetProxy = 7762F4AC2D7A83BC0033AE42 /* PBXContainerItemProxy */;
		};
/* End PBXTargetDependency section */

/* Begin XCBuildConfiguration section */
		7762F4B32D7A83BC0033AE42 /* Debug */ = {
			isa = XCBuildConfiguration;
			buildSettings = {
				ALWAYS_SEARCH_USER_PATHS = NO;
				ASSETCATALOG_COMPILER_GENERATE_SWIFT_ASSET_SYMBOL_EXTENSIONS = YES;
				CLANG_ANALYZER_NONNULL = YES;
				CLANG_ANALYZER_NUMBER_OBJECT_CONVERSION = YES_AGGRESSIVE;
				CLANG_CXX_LANGUAGE_STANDARD = "gnu++20";
				CLANG_ENABLE_MODULES = YES;
				CLANG_ENABLE_OBJC_ARC = YES;
				CLANG_ENABLE_OBJC_WEAK = YES;
				CLANG_WARN_BLOCK_CAPTURE_AUTORELEASING = YES;
				CLANG_WARN_BOOL_CONVERSION = YES;
				CLANG_WARN_COMMA = YES;
				CLANG_WARN_CONSTANT_CONVERSION = YES;
				CLANG_WARN_DEPRECATED_OBJC_IMPLEMENTATIONS = YES;
				CLANG_WARN_DIRECT_OBJC_ISA_USAGE = YES_ERROR;
				CLANG_WARN_DOCUMENTATION_COMMENTS = YES;
				CLANG_WARN_EMPTY_BODY = YES;
				CLANG_WARN_ENUM_CONVERSION = YES;
				CLANG_WARN_INFINITE_RECURSION = YES;
				CLANG_WARN_INT_CONVERSION = YES;
				CLANG_WARN_NON_LITERAL_NULL_CONVERSION = YES;
				CLANG_WARN_OBJC_IMPLICIT_RETAIN_SELF = YES;
				CLANG_WARN_OBJC_LITERAL_CONVERSION = YES;
				CLANG_WARN_OBJC_ROOT_CLASS = YES_ERROR;
				CLANG_WARN_QUOTED_INCLUDE_IN_FRAMEWORK_HEADER = YES;
				CLANG_WARN_RANGE_LOOP_ANALYSIS = YES;
				CLANG_WARN_STRICT_PROTOTYPES = YES;
				CLANG_WARN_SUSPICIOUS_MOVE = YES;
				CLANG_WARN_UNGUARDED_AVAILABILITY = YES_AGGRESSIVE;
				CLANG_WARN_UNREACHABLE_CODE = YES;
				CLANG_WARN__DUPLICATE_METHOD_MATCH = YES;
				COPY_PHASE_STRIP = NO;
				DEBUG_INFORMATION_FORMAT = dwarf;
				ENABLE_STRICT_OBJC_MSGSEND = YES;
				ENABLE_TESTABILITY = YES;
				ENABLE_USER_SCRIPT_SANDBOXING = YES;
				GCC_C_LANGUAGE_STANDARD = gnu17;
				GCC_DYNAMIC_NO_PIC = NO;
				GCC_NO_COMMON_BLOCKS = YES;
				GCC_OPTIMIZATION_LEVEL = 0;
				GCC_PREPROCESSOR_DEFINITIONS = (
					"DEBUG=1",
					"$(inherited)",
				);
				GCC_WARN_64_TO_32_BIT_CONVERSION = YES;
				GCC_WARN_ABOUT_RETURN_TYPE = YES_ERROR;
				GCC_WARN_UNDECLARED_SELECTOR = YES;
				GCC_WARN_UNINITIALIZED_AUTOS = YES_AGGRESSIVE;
				GCC_WARN_UNUSED_FUNCTION = YES;
				GCC_WARN_UNUSED_VARIABLE = YES;
				LOCALIZATION_PREFERS_STRING_CATALOGS = YES;
				MACOSX_DEPLOYMENT_TARGET = 15.2;
				MTL_ENABLE_DEBUG_INFO = INCLUDE_SOURCE;
				MTL_FAST_MATH = YES;
				ONLY_ACTIVE_ARCH = YES;
				SDKROOT = macosx;
				SWIFT_ACTIVE_COMPILATION_CONDITIONS = "DEBUG $(inherited)";
				SWIFT_OPTIMIZATION_LEVEL = "-Onone";
			};
			name = Debug;
		};
		7762F4B42D7A83BC0033AE42 /* Release */ = {
			isa = XCBuildConfiguration;
			buildSettings = {
				ALWAYS_SEARCH_USER_PATHS = NO;
				ASSETCATALOG_COMPILER_GENERATE_SWIFT_ASSET_SYMBOL_EXTENSIONS = YES;
				CLANG_ANALYZER_NONNULL = YES;
				CLANG_ANALYZER_NUMBER_OBJECT_CONVERSION = YES_AGGRESSIVE;
				CLANG_CXX_LANGUAGE_STANDARD = "gnu++20";
				CLANG_ENABLE_MODULES = YES;
				CLANG_ENABLE_OBJC_ARC = YES;
				CLANG_ENABLE_OBJC_WEAK = YES;
				CLANG_WARN_BLOCK_CAPTURE_AUTORELEASING = YES;
				CLANG_WARN_BOOL_CONVERSION = YES;
				CLANG_WARN_COMMA = YES;
				CLANG_WARN_CONSTANT_CONVERSION = YES;
				CLANG_WARN_DEPRECATED_OBJC_IMPLEMENTATIONS = YES;
				CLANG_WARN_DIRECT_OBJC_ISA_USAGE = YES_ERROR;
				CLANG_WARN_DOCUMENTATION_COMMENTS = YES;
				CLANG_WARN_EMPTY_BODY = YES;
				CLANG_WARN_ENUM_CONVERSION = YES;
				CLANG_WARN_INFINITE_RECURSION = YES;
				CLANG_WARN_INT_CONVERSION = YES;
				CLANG_WARN_NON_LITERAL_NULL_CONVERSION = YES;
				CLANG_WARN_OBJC_IMPLICIT_RETAIN_SELF = YES;
				CLANG_WARN_OBJC_LITERAL_CONVERSION = YES;
				CLANG_WARN_OBJC_ROOT_CLASS = YES_ERROR;
				CLANG_WARN_QUOTED_INCLUDE_IN_FRAMEWORK_HEADER = YES;
				CLANG_WARN_RANGE_LOOP_ANALYSIS = YES;
				CLANG_WARN_STRICT_PROTOTYPES = YES;
				CLANG_WARN_SUSPICIOUS_MOVE = YES;
				CLANG_WARN_UNGUARDED_AVAILABILITY = YES_AGGRESSIVE;
				CLANG_WARN_UNREACHABLE_CODE = YES;
				CLANG_WARN__DUPLICATE_METHOD_MATCH = YES;
				COPY_PHASE_STRIP = NO;
				DEBUG_INFORMATION_FORMAT = "dwarf-with-dsym";
				ENABLE_NS_ASSERTIONS = NO;
				ENABLE_STRICT_OBJC_MSGSEND = YES;
				ENABLE_USER_SCRIPT_SANDBOXING = YES;
				GCC_C_LANGUAGE_STANDARD = gnu17;
				GCC_NO_COMMON_BLOCKS = YES;
				GCC_WARN_64_TO_32_BIT_CONVERSION = YES;
				GCC_WARN_ABOUT_RETURN_TYPE = YES_ERROR;
				GCC_WARN_UNDECLARED_SELECTOR = YES;
				GCC_WARN_UNINITIALIZED_AUTOS = YES_AGGRESSIVE;
				GCC_WARN_UNUSED_FUNCTION = YES;
				GCC_WARN_UNUSED_VARIABLE = YES;
				LOCALIZATION_PREFERS_STRING_CATALOGS = YES;
				MACOSX_DEPLOYMENT_TARGET = 15.2;
				MTL_ENABLE_DEBUG_INFO = NO;
				MTL_FAST_MATH = YES;
				SDKROOT = macosx;
				SWIFT_COMPILATION_MODE = wholemodule;
			};
			name = Release;
		};
		7762F4B62D7A83BC0033AE42 /* Debug */ = {
			isa = XCBuildConfiguration;
			buildSettings = {
				ALLOW_TARGET_PLATFORM_SPECIALIZATION = YES;
				ASSETCATALOG_COMPILER_APPICON_NAME = AppIcon;
				ASSETCATALOG_COMPILER_GLOBAL_ACCENT_COLOR_NAME = AccentColor;
				CODE_SIGN_ENTITLEMENTS = Thock/Thock.entitlements;
				"CODE_SIGN_IDENTITY[sdk=macosx*]" = "Apple Development";
				CODE_SIGN_STYLE = Automatic;
				COMBINE_HIDPI_IMAGES = YES;
				CURRENT_PROJECT_VERSION = 19;
				DEVELOPMENT_ASSET_PATHS = "\"Thock/Preview Content\"";
				DEVELOPMENT_TEAM = 2CF8T4CQ6S;
				ENABLE_HARDENED_RUNTIME = YES;
				ENABLE_PREVIEWS = YES;
				GENERATE_INFOPLIST_FILE = YES;
				INFOPLIST_FILE = Thock/Info.plist;
				INFOPLIST_KEY_LSUIElement = YES;
				INFOPLIST_KEY_NSHumanReadableCopyright = "";
				LD_RUNPATH_SEARCH_PATHS = (
					"$(inherited)",
					"@executable_path/../Frameworks",
				);
				MACOSX_DEPLOYMENT_TARGET = 13.5;
				MARKETING_VERSION = 1.14.0;
				ONLY_ACTIVE_ARCH = NO;
				PRODUCT_BUNDLE_IDENTIFIER = dev.kamillobinski.Thock;
				PRODUCT_NAME = "$(TARGET_NAME)";
				SWIFT_EMIT_LOC_STRINGS = YES;
				SWIFT_VERSION = 5.0;
			};
			name = Debug;
		};
		7762F4B72D7A83BC0033AE42 /* Release */ = {
			isa = XCBuildConfiguration;
			buildSettings = {
				ALLOW_TARGET_PLATFORM_SPECIALIZATION = YES;
				ASSETCATALOG_COMPILER_APPICON_NAME = AppIcon;
				ASSETCATALOG_COMPILER_GLOBAL_ACCENT_COLOR_NAME = AccentColor;
				CODE_SIGN_ENTITLEMENTS = Thock/Thock.entitlements;
				"CODE_SIGN_IDENTITY[sdk=macosx*]" = "Apple Development";
				CODE_SIGN_STYLE = Automatic;
				COMBINE_HIDPI_IMAGES = YES;
				CURRENT_PROJECT_VERSION = 19;
				DEVELOPMENT_ASSET_PATHS = "\"Thock/Preview Content\"";
				DEVELOPMENT_TEAM = 2CF8T4CQ6S;
				ENABLE_HARDENED_RUNTIME = YES;
				ENABLE_PREVIEWS = YES;
				GENERATE_INFOPLIST_FILE = YES;
				INFOPLIST_FILE = Thock/Info.plist;
				INFOPLIST_KEY_LSUIElement = YES;
				INFOPLIST_KEY_NSHumanReadableCopyright = "";
				LD_RUNPATH_SEARCH_PATHS = (
					"$(inherited)",
					"@executable_path/../Frameworks",
				);
				MACOSX_DEPLOYMENT_TARGET = 13.5;
				MARKETING_VERSION = 1.14.0;
				PRODUCT_BUNDLE_IDENTIFIER = dev.kamillobinski.Thock;
				PRODUCT_NAME = "$(TARGET_NAME)";
				SWIFT_EMIT_LOC_STRINGS = YES;
				SWIFT_VERSION = 5.0;
			};
			name = Release;
		};
		7762F4B92D7A83BC0033AE42 /* Debug */ = {
			isa = XCBuildConfiguration;
			buildSettings = {
				BUNDLE_LOADER = "$(TEST_HOST)";
				CODE_SIGN_STYLE = Automatic;
				CURRENT_PROJECT_VERSION = 1;
				DEVELOPMENT_TEAM = 2CF8T4CQ6S;
				GENERATE_INFOPLIST_FILE = YES;
				MACOSX_DEPLOYMENT_TARGET = 15.2;
				MARKETING_VERSION = 1.0;
				PRODUCT_BUNDLE_IDENTIFIER = dev.kamillobinski.TappTests;
				PRODUCT_NAME = "$(TARGET_NAME)";
				SWIFT_EMIT_LOC_STRINGS = NO;
				SWIFT_VERSION = 5.0;
				TEST_HOST = "$(BUILT_PRODUCTS_DIR)/Thock.app/$(BUNDLE_EXECUTABLE_FOLDER_PATH)/Thock";
			};
			name = Debug;
		};
		7762F4BA2D7A83BC0033AE42 /* Release */ = {
			isa = XCBuildConfiguration;
			buildSettings = {
				BUNDLE_LOADER = "$(TEST_HOST)";
				CODE_SIGN_STYLE = Automatic;
				CURRENT_PROJECT_VERSION = 1;
				DEVELOPMENT_TEAM = 2CF8T4CQ6S;
				GENERATE_INFOPLIST_FILE = YES;
				MACOSX_DEPLOYMENT_TARGET = 15.2;
				MARKETING_VERSION = 1.0;
				PRODUCT_BUNDLE_IDENTIFIER = dev.kamillobinski.TappTests;
				PRODUCT_NAME = "$(TARGET_NAME)";
				SWIFT_EMIT_LOC_STRINGS = NO;
				SWIFT_VERSION = 5.0;
				TEST_HOST = "$(BUILT_PRODUCTS_DIR)/Thock.app/$(BUNDLE_EXECUTABLE_FOLDER_PATH)/Thock";
			};
			name = Release;
		};
		7762F4BC2D7A83BC0033AE42 /* Debug */ = {
			isa = XCBuildConfiguration;
			buildSettings = {
				CODE_SIGN_STYLE = Automatic;
				CURRENT_PROJECT_VERSION = 1;
				DEVELOPMENT_TEAM = 2CF8T4CQ6S;
				GENERATE_INFOPLIST_FILE = YES;
				MARKETING_VERSION = 1.0;
				PRODUCT_BUNDLE_IDENTIFIER = dev.kamillobinski.TappUITests;
				PRODUCT_NAME = "$(TARGET_NAME)";
				SWIFT_EMIT_LOC_STRINGS = NO;
				SWIFT_VERSION = 5.0;
				TEST_TARGET_NAME = Tapp;
			};
			name = Debug;
		};
		7762F4BD2D7A83BC0033AE42 /* Release */ = {
			isa = XCBuildConfiguration;
			buildSettings = {
				CODE_SIGN_STYLE = Automatic;
				CURRENT_PROJECT_VERSION = 1;
				DEVELOPMENT_TEAM = 2CF8T4CQ6S;
				GENERATE_INFOPLIST_FILE = YES;
				MARKETING_VERSION = 1.0;
				PRODUCT_BUNDLE_IDENTIFIER = dev.kamillobinski.TappUITests;
				PRODUCT_NAME = "$(TARGET_NAME)";
				SWIFT_EMIT_LOC_STRINGS = NO;
				SWIFT_VERSION = 5.0;
				TEST_TARGET_NAME = Tapp;
			};
			name = Release;
		};
/* End XCBuildConfiguration section */

/* Begin XCConfigurationList section */
		7762F48B2D7A83BA0033AE42 /* Build configuration list for PBXProject "Thock" */ = {
			isa = XCConfigurationList;
			buildConfigurations = (
				7762F4B32D7A83BC0033AE42 /* Debug */,
				7762F4B42D7A83BC0033AE42 /* Release */,
			);
			defaultConfigurationIsVisible = 0;
			defaultConfigurationName = Release;
		};
		7762F4B52D7A83BC0033AE42 /* Build configuration list for PBXNativeTarget "Thock" */ = {
			isa = XCConfigurationList;
			buildConfigurations = (
				7762F4B62D7A83BC0033AE42 /* Debug */,
				7762F4B72D7A83BC0033AE42 /* Release */,
			);
			defaultConfigurationIsVisible = 0;
			defaultConfigurationName = Release;
		};
		7762F4B82D7A83BC0033AE42 /* Build configuration list for PBXNativeTarget "ThockTests" */ = {
			isa = XCConfigurationList;
			buildConfigurations = (
				7762F4B92D7A83BC0033AE42 /* Debug */,
				7762F4BA2D7A83BC0033AE42 /* Release */,
			);
			defaultConfigurationIsVisible = 0;
			defaultConfigurationName = Release;
		};
		7762F4BB2D7A83BC0033AE42 /* Build configuration list for PBXNativeTarget "ThockUITests" */ = {
			isa = XCConfigurationList;
			buildConfigurations = (
				7762F4BC2D7A83BC0033AE42 /* Debug */,
				7762F4BD2D7A83BC0033AE42 /* Release */,
			);
			defaultConfigurationIsVisible = 0;
			defaultConfigurationName = Release;
		};
/* End XCConfigurationList section */
	};
	rootObject = 7762F4882D7A83BA0033AE42 /* Project object */;
}
